// !$*UTF8*$!
{
	archiveVersion = 1;
	classes = {
	};
	objectVersion = 46;
	objects = {

/* Begin PBXBuildFile section */
		042F224C1C3E173F00B254C6 /* VipOneByOneViewController.m in Sources */ = {isa = PBXBuildFile; fileRef = 042F224A1C3E173F00B254C6 /* VipOneByOneViewController.m */; };
		042F224E1C3E33DD00B254C6 /* Default-568h@2x.png in Resources */ = {isa = PBXBuildFile; fileRef = 042F224D1C3E33DD00B254C6 /* Default-568h@2x.png */; };
		042F22511C3E508300B254C6 /* WebViewController.m in Sources */ = {isa = PBXBuildFile; fileRef = 042F22501C3E508300B254C6 /* WebViewController.m */; };
		043D4F971C3A9E790045EA89 /* UserRegViewController.m in Sources */ = {isa = PBXBuildFile; fileRef = 043D4F961C3A9E790045EA89 /* UserRegViewController.m */; };
		043D4F9A1C3AA4330045EA89 /* username@2x.png in Resources */ = {isa = PBXBuildFile; fileRef = 043D4F991C3AA4330045EA89 /* username@2x.png */; };
		043D4F9C1C3AA43D0045EA89 /* code@2x.png in Resources */ = {isa = PBXBuildFile; fileRef = 043D4F9B1C3AA43D0045EA89 /* code@2x.png */; };
		043D4F9F1C3AAAD50045EA89 /* ResetPasswordViewController.m in Sources */ = {isa = PBXBuildFile; fileRef = 043D4F9E1C3AAAD50045EA89 /* ResetPasswordViewController.m */; };
		0452CBB71C3B549900F6C456 /* VipViewController.m in Sources */ = {isa = PBXBuildFile; fileRef = 0452CBB61C3B549900F6C456 /* VipViewController.m */; };
		0452CBBA1C3B57D500F6C456 /* vip_public@2x.png in Resources */ = {isa = PBXBuildFile; fileRef = 0452CBB91C3B57D500F6C456 /* vip_public@2x.png */; };
		0452CBC11C3B594300F6C456 /* vip_btn_up@2x.png in Resources */ = {isa = PBXBuildFile; fileRef = 0452CBBB1C3B594300F6C456 /* vip_btn_up@2x.png */; };
		0452CBC21C3B594300F6C456 /* vip_btn_down@2x.png in Resources */ = {isa = PBXBuildFile; fileRef = 0452CBBC1C3B594300F6C456 /* vip_btn_down@2x.png */; };
		0452CBC31C3B594300F6C456 /* vip_star2@2x.png in Resources */ = {isa = PBXBuildFile; fileRef = 0452CBBD1C3B594300F6C456 /* vip_star2@2x.png */; };
		0452CBC41C3B594300F6C456 /* vip_star3@2x.png in Resources */ = {isa = PBXBuildFile; fileRef = 0452CBBE1C3B594300F6C456 /* vip_star3@2x.png */; };
		0452CBC51C3B594300F6C456 /* vip_star4@2x.png in Resources */ = {isa = PBXBuildFile; fileRef = 0452CBBF1C3B594300F6C456 /* vip_star4@2x.png */; };
		0452CBC61C3B594300F6C456 /* vip_star5@2x.png in Resources */ = {isa = PBXBuildFile; fileRef = 0452CBC01C3B594300F6C456 /* vip_star5@2x.png */; };
		0452CBC91C3B5EDE00F6C456 /* UIViewController+Json.m in Sources */ = {isa = PBXBuildFile; fileRef = 0452CBC81C3B5EDE00F6C456 /* UIViewController+Json.m */; };
		0452CBD11C3B633100F6C456 /* vip_list1@2x.png in Resources */ = {isa = PBXBuildFile; fileRef = 0452CBCA1C3B633100F6C456 /* vip_list1@2x.png */; };
		0452CBD21C3B633100F6C456 /* vip_list2@2x.png in Resources */ = {isa = PBXBuildFile; fileRef = 0452CBCB1C3B633100F6C456 /* vip_list2@2x.png */; };
		0452CBD31C3B633100F6C456 /* vip_list3@2x.png in Resources */ = {isa = PBXBuildFile; fileRef = 0452CBCC1C3B633100F6C456 /* vip_list3@2x.png */; };
		0452CBD41C3B633100F6C456 /* vip_list4@2x.png in Resources */ = {isa = PBXBuildFile; fileRef = 0452CBCD1C3B633100F6C456 /* vip_list4@2x.png */; };
		0452CBD51C3B633100F6C456 /* vip_list5@2x.png in Resources */ = {isa = PBXBuildFile; fileRef = 0452CBCE1C3B633100F6C456 /* vip_list5@2x.png */; };
		0452CBD61C3B633100F6C456 /* vip_list6@2x.png in Resources */ = {isa = PBXBuildFile; fileRef = 0452CBCF1C3B633100F6C456 /* vip_list6@2x.png */; };
		0452CBD71C3B633100F6C456 /* vip_list7@2x.png in Resources */ = {isa = PBXBuildFile; fileRef = 0452CBD01C3B633100F6C456 /* vip_list7@2x.png */; };
		0452CBDA1C3B6B8B00F6C456 /* VipPublicViewController.m in Sources */ = {isa = PBXBuildFile; fileRef = 0452CBD91C3B6B8B00F6C456 /* VipPublicViewController.m */; };
		0452CBE11C3B70D600F6C456 /* SMS_SDKLocalizable.strings in Resources */ = {isa = PBXBuildFile; fileRef = 0452CBDC1C3B70D600F6C456 /* SMS_SDKLocalizable.strings */; };
		0452CBE21C3B70D600F6C456 /* MOBFoundation.framework in Frameworks */ = {isa = PBXBuildFile; fileRef = 0452CBDE1C3B70D600F6C456 /* MOBFoundation.framework */; };
		0452CBE31C3B70D600F6C456 /* SMS_SDK.framework in Frameworks */ = {isa = PBXBuildFile; fileRef = 0452CBDF1C3B70D600F6C456 /* SMS_SDK.framework */; };
		0452CBE51C3B754400F6C456 /* libz.dylib in Frameworks */ = {isa = PBXBuildFile; fileRef = 0452CBE41C3B754400F6C456 /* libz.dylib */; };
		0452CBE71C3B755000F6C456 /* libicucore.dylib in Frameworks */ = {isa = PBXBuildFile; fileRef = 0452CBE61C3B755000F6C456 /* libicucore.dylib */; };
		0452CBE91C3B755A00F6C456 /* JavaScriptCore.framework in Frameworks */ = {isa = PBXBuildFile; fileRef = 0452CBE81C3B755A00F6C456 /* JavaScriptCore.framework */; };
		0452CBEB1C3B756600F6C456 /* libstdc++.dylib in Frameworks */ = {isa = PBXBuildFile; fileRef = 0452CBEA1C3B756600F6C456 /* libstdc++.dylib */; };
		0452CBF21C3B773E00F6C456 /* bg_2@2x.png in Resources */ = {isa = PBXBuildFile; fileRef = 0452CBEE1C3B773E00F6C456 /* bg_2@2x.png */; };
		0452CBF31C3B773E00F6C456 /* bg_3@2x.png in Resources */ = {isa = PBXBuildFile; fileRef = 0452CBEF1C3B773E00F6C456 /* bg_3@2x.png */; };
		0452CBF41C3B773E00F6C456 /* bg_4@2x.png in Resources */ = {isa = PBXBuildFile; fileRef = 0452CBF01C3B773E00F6C456 /* bg_4@2x.png */; };
		0452CBF61C3B9BE100F6C456 /* bg_1@2x.png in Resources */ = {isa = PBXBuildFile; fileRef = 0452CBF51C3B9BE100F6C456 /* bg_1@2x.png */; };
		0452CBF91C3BBF8F00F6C456 /* PublicRegViewController.m in Sources */ = {isa = PBXBuildFile; fileRef = 0452CBF81C3BBF8F00F6C456 /* PublicRegViewController.m */; };
		045D8B7F1C453B1900360D31 /* TeacherViewController.m in Sources */ = {isa = PBXBuildFile; fileRef = 045D8B7E1C453B1900360D31 /* TeacherViewController.m */; };
		0468765D1C44B3F700E8B250 /* bg_6@2x.png in Resources */ = {isa = PBXBuildFile; fileRef = 0468765B1C44B3F700E8B250 /* bg_6@2x.png */; };
		0468765E1C44B3F700E8B250 /* header_btn_xiaoxi@2x.png in Resources */ = {isa = PBXBuildFile; fileRef = 0468765C1C44B3F700E8B250 /* header_btn_xiaoxi@2x.png */; };
		046876651C44B40E00E8B250 /* DetailsViewController.m in Sources */ = {isa = PBXBuildFile; fileRef = 046876621C44B40E00E8B250 /* DetailsViewController.m */; };
		046876661C44B40E00E8B250 /* PredictViewController.m in Sources */ = {isa = PBXBuildFile; fileRef = 046876641C44B40E00E8B250 /* PredictViewController.m */; };
		0468766A1C44B4C000E8B250 /* TableViewCell.m in Sources */ = {isa = PBXBuildFile; fileRef = 046876691C44B4C000E8B250 /* TableViewCell.m */; };
		0468768D1C44B4E400E8B250 /* MKAnnotationView+WebCache.m in Sources */ = {isa = PBXBuildFile; fileRef = 0468766D1C44B4E400E8B250 /* MKAnnotationView+WebCache.m */; };
		0468768E1C44B4E400E8B250 /* NSData+ImageContentType.m in Sources */ = {isa = PBXBuildFile; fileRef = 0468766F1C44B4E400E8B250 /* NSData+ImageContentType.m */; };
		0468768F1C44B4E400E8B250 /* SDImageCache.m in Sources */ = {isa = PBXBuildFile; fileRef = 046876711C44B4E400E8B250 /* SDImageCache.m */; };
		046876901C44B4E400E8B250 /* SDWebImageCompat.m in Sources */ = {isa = PBXBuildFile; fileRef = 046876731C44B4E400E8B250 /* SDWebImageCompat.m */; };
		046876911C44B4E400E8B250 /* SDWebImageDecoder.m in Sources */ = {isa = PBXBuildFile; fileRef = 046876751C44B4E400E8B250 /* SDWebImageDecoder.m */; };
		046876921C44B4E400E8B250 /* SDWebImageDownloader.m in Sources */ = {isa = PBXBuildFile; fileRef = 046876771C44B4E400E8B250 /* SDWebImageDownloader.m */; };
		046876931C44B4E400E8B250 /* SDWebImageDownloaderOperation.m in Sources */ = {isa = PBXBuildFile; fileRef = 046876791C44B4E400E8B250 /* SDWebImageDownloaderOperation.m */; };
		046876941C44B4E400E8B250 /* SDWebImageManager.m in Sources */ = {isa = PBXBuildFile; fileRef = 0468767B1C44B4E400E8B250 /* SDWebImageManager.m */; };
		046876951C44B4E400E8B250 /* SDWebImagePrefetcher.m in Sources */ = {isa = PBXBuildFile; fileRef = 0468767E1C44B4E400E8B250 /* SDWebImagePrefetcher.m */; };
		046876961C44B4E400E8B250 /* UIButton+WebCache.m in Sources */ = {isa = PBXBuildFile; fileRef = 046876801C44B4E400E8B250 /* UIButton+WebCache.m */; };
		046876971C44B4E400E8B250 /* UIImage+GIF.m in Sources */ = {isa = PBXBuildFile; fileRef = 046876821C44B4E400E8B250 /* UIImage+GIF.m */; };
		046876981C44B4E400E8B250 /* UIImage+MultiFormat.m in Sources */ = {isa = PBXBuildFile; fileRef = 046876841C44B4E400E8B250 /* UIImage+MultiFormat.m */; };
		046876991C44B4E400E8B250 /* UIImage+WebP.m in Sources */ = {isa = PBXBuildFile; fileRef = 046876861C44B4E400E8B250 /* UIImage+WebP.m */; };
		0468769A1C44B4E400E8B250 /* UIImageView+HighlightedWebCache.m in Sources */ = {isa = PBXBuildFile; fileRef = 046876881C44B4E400E8B250 /* UIImageView+HighlightedWebCache.m */; };
		0468769B1C44B4E400E8B250 /* UIImageView+WebCache.m in Sources */ = {isa = PBXBuildFile; fileRef = 0468768A1C44B4E400E8B250 /* UIImageView+WebCache.m */; };
		0468769C1C44B4E400E8B250 /* UIView+WebCacheOperation.m in Sources */ = {isa = PBXBuildFile; fileRef = 0468768C1C44B4E400E8B250 /* UIView+WebCacheOperation.m */; };
		046876A01C44B53A00E8B250 /* PredictModel.m in Sources */ = {isa = PBXBuildFile; fileRef = 0468769F1C44B53A00E8B250 /* PredictModel.m */; };
		04B6D77C1C3CA89D0087232E /* contents_bg@2x.png in Resources */ = {isa = PBXBuildFile; fileRef = 04B6D7461C3CA89D0087232E /* contents_bg@2x.png */; };
		04B6D77D1C3CA89D0087232E /* contents_listening@2x.png in Resources */ = {isa = PBXBuildFile; fileRef = 04B6D7471C3CA89D0087232E /* contents_listening@2x.png */; };
		04B6D77E1C3CA89D0087232E /* contents_read@2x (2).png in Resources */ = {isa = PBXBuildFile; fileRef = 04B6D7481C3CA89D0087232E /* contents_read@2x (2).png */; };
		04B6D77F1C3CA89D0087232E /* contents_shanxing@2x.png in Resources */ = {isa = PBXBuildFile; fileRef = 04B6D7491C3CA89D0087232E /* contents_shanxing@2x.png */; };
		04B6D7801C3CA89D0087232E /* contents_speaking@2x (2).png in Resources */ = {isa = PBXBuildFile; fileRef = 04B6D74A1C3CA89D0087232E /* contents_speaking@2x (2).png */; };
		04B6D7811C3CA89D0087232E /* contents_write@2x (2).png in Resources */ = {isa = PBXBuildFile; fileRef = 04B6D74B1C3CA89D0087232E /* contents_write@2x (2).png */; };
		04B6D7821C3CA89D0087232E /* tab_faxian@2x.png in Resources */ = {isa = PBXBuildFile; fileRef = 04B6D74C1C3CA89D0087232E /* tab_faxian@2x.png */; };
		04B6D7831C3CA89D0087232E /* tab_kaoqianyuce@2x.png in Resources */ = {isa = PBXBuildFile; fileRef = 04B6D74D1C3CA89D0087232E /* tab_kaoqianyuce@2x.png */; };
		04B6D7841C3CA89D0087232E /* tab_people@2x.png in Resources */ = {isa = PBXBuildFile; fileRef = 04B6D74E1C3CA89D0087232E /* tab_people@2x.png */; };
		04B6D7851C3CA89D0087232E /* tab_vip@2x.png in Resources */ = {isa = PBXBuildFile; fileRef = 04B6D74F1C3CA89D0087232E /* tab_vip@2x.png */; };
		04B6D7861C3CA89D0087232E /* YSFirstViewController.m in Sources */ = {isa = PBXBuildFile; fileRef = 04B6D7521C3CA89D0087232E /* YSFirstViewController.m */; };
		04B6D7871C3CA89D0087232E /* MASCompositeConstraint.m in Sources */ = {isa = PBXBuildFile; fileRef = 04B6D7561C3CA89D0087232E /* MASCompositeConstraint.m */; };
		04B6D7881C3CA89D0087232E /* MASConstraint.m in Sources */ = {isa = PBXBuildFile; fileRef = 04B6D7591C3CA89D0087232E /* MASConstraint.m */; };
		04B6D7891C3CA89D0087232E /* MASConstraintMaker.m in Sources */ = {isa = PBXBuildFile; fileRef = 04B6D75B1C3CA89D0087232E /* MASConstraintMaker.m */; };
		04B6D78A1C3CA89D0087232E /* MASLayoutConstraint.m in Sources */ = {isa = PBXBuildFile; fileRef = 04B6D75D1C3CA89D0087232E /* MASLayoutConstraint.m */; };
		04B6D78B1C3CA89D0087232E /* MASViewAttribute.m in Sources */ = {isa = PBXBuildFile; fileRef = 04B6D7611C3CA89D0087232E /* MASViewAttribute.m */; };
		04B6D78C1C3CA89D0087232E /* MASViewConstraint.m in Sources */ = {isa = PBXBuildFile; fileRef = 04B6D7631C3CA89D0087232E /* MASViewConstraint.m */; };
		04B6D78D1C3CA89D0087232E /* NSArray+MASAdditions.m in Sources */ = {isa = PBXBuildFile; fileRef = 04B6D7651C3CA89D0087232E /* NSArray+MASAdditions.m */; };
		04B6D78E1C3CA89D0087232E /* NSLayoutConstraint+MASDebugAdditions.m in Sources */ = {isa = PBXBuildFile; fileRef = 04B6D7681C3CA89D0087232E /* NSLayoutConstraint+MASDebugAdditions.m */; };
		04B6D78F1C3CA89D0087232E /* View+MASAdditions.m in Sources */ = {isa = PBXBuildFile; fileRef = 04B6D76A1C3CA89D0087232E /* View+MASAdditions.m */; };
		04B6D7901C3CA89D0087232E /* ViewController+MASAdditions.m in Sources */ = {isa = PBXBuildFile; fileRef = 04B6D76D1C3CA89D0087232E /* ViewController+MASAdditions.m */; };
		04B6D7911C3CA89D0087232E /* CDRTranslucentSideBar.m in Sources */ = {isa = PBXBuildFile; fileRef = 04B6D7701C3CA89D0087232E /* CDRTranslucentSideBar.m */; };
		04B6D7921C3CA89D0087232E /* sideBarTableViewCell.m in Sources */ = {isa = PBXBuildFile; fileRef = 04B6D7731C3CA89D0087232E /* sideBarTableViewCell.m */; };
		04B6D7931C3CA89D0087232E /* list_cuotiji@2x.png in Resources */ = {isa = PBXBuildFile; fileRef = 04B6D7751C3CA89D0087232E /* list_cuotiji@2x.png */; };
		04B6D7941C3CA89D0087232E /* list_gerenziliao@2x.png in Resources */ = {isa = PBXBuildFile; fileRef = 04B6D7761C3CA89D0087232E /* list_gerenziliao@2x.png */; };
		04B6D7951C3CA89D0087232E /* list_nanduwenzhang@2x.png in Resources */ = {isa = PBXBuildFile; fileRef = 04B6D7771C3CA89D0087232E /* list_nanduwenzhang@2x.png */; };
		04B6D7961C3CA89D0087232E /* list_rengongfuwu@2x.png in Resources */ = {isa = PBXBuildFile; fileRef = 04B6D7781C3CA89D0087232E /* list_rengongfuwu@2x.png */; };
		04B6D7971C3CA89D0087232E /* list_shengciben@2x.png in Resources */ = {isa = PBXBuildFile; fileRef = 04B6D7791C3CA89D0087232E /* list_shengciben@2x.png */; };
		04B6D7981C3CA89D0087232E /* list_vip@2x.png in Resources */ = {isa = PBXBuildFile; fileRef = 04B6D77A1C3CA89D0087232E /* list_vip@2x.png */; };
		04B6D7991C3CA89D0087232E /* list_yuyinguangchang@2x.png in Resources */ = {isa = PBXBuildFile; fileRef = 04B6D77B1C3CA89D0087232E /* list_yuyinguangchang@2x.png */; };
		04B6D7A31C3CB8140087232E /* DBImage.m in Sources */ = {isa = PBXBuildFile; fileRef = 04B6D79C1C3CB8140087232E /* DBImage.m */; };
		04B6D7A41C3CB8140087232E /* DBImageRequest.m in Sources */ = {isa = PBXBuildFile; fileRef = 04B6D79E1C3CB8140087232E /* DBImageRequest.m */; };
		04B6D7A51C3CB8140087232E /* DBImageView.m in Sources */ = {isa = PBXBuildFile; fileRef = 04B6D7A01C3CB8140087232E /* DBImageView.m */; };
		04B6D7A61C3CB8140087232E /* DBImageViewCache.m in Sources */ = {isa = PBXBuildFile; fileRef = 04B6D7A21C3CB8140087232E /* DBImageViewCache.m */; };
		04B6D7AF1C3CDFF30087232E /* VipPublicDetailViewController.m in Sources */ = {isa = PBXBuildFile; fileRef = 04B6D7AE1C3CDFF30087232E /* VipPublicDetailViewController.m */; };
		04C723981C3A484900A3D085 /* main.m in Sources */ = {isa = PBXBuildFile; fileRef = 04C723971C3A484900A3D085 /* main.m */; };
		04C7239B1C3A484900A3D085 /* AppDelegate.m in Sources */ = {isa = PBXBuildFile; fileRef = 04C7239A1C3A484900A3D085 /* AppDelegate.m */; };
		04C7239E1C3A484900A3D085 /* ViewController.m in Sources */ = {isa = PBXBuildFile; fileRef = 04C7239D1C3A484900A3D085 /* ViewController.m */; };
		04C723A11C3A484900A3D085 /* Main.storyboard in Resources */ = {isa = PBXBuildFile; fileRef = 04C7239F1C3A484900A3D085 /* Main.storyboard */; };
		04C723A31C3A484900A3D085 /* Images.xcassets in Resources */ = {isa = PBXBuildFile; fileRef = 04C723A21C3A484900A3D085 /* Images.xcassets */; };
		04C723A61C3A484900A3D085 /* LaunchScreen.xib in Resources */ = {isa = PBXBuildFile; fileRef = 04C723A41C3A484900A3D085 /* LaunchScreen.xib */; };
		04C723B21C3A484900A3D085 /* ____Tests.m in Sources */ = {isa = PBXBuildFile; fileRef = 04C723B11C3A484900A3D085 /* ____Tests.m */; };
		04C723BE1C3A4FCB00A3D085 /* begin_bg@2x.png in Resources */ = {isa = PBXBuildFile; fileRef = 04C723BD1C3A4FCB00A3D085 /* begin_bg@2x.png */; };
		04C723C11C3A6B6B00A3D085 /* login_bg@2x.png in Resources */ = {isa = PBXBuildFile; fileRef = 04C723C01C3A6B6B00A3D085 /* login_bg@2x.png */; };
		04C723C41C3A6B9600A3D085 /* btn_tijiao@2x.png in Resources */ = {isa = PBXBuildFile; fileRef = 04C723C31C3A6B9600A3D085 /* btn_tijiao@2x.png */; };
		04C723C71C3A6BC000A3D085 /* password@2x.png in Resources */ = {isa = PBXBuildFile; fileRef = 04C723C51C3A6BC000A3D085 /* password@2x.png */; };
		04C723C81C3A6BC000A3D085 /* phone_num@2x.png in Resources */ = {isa = PBXBuildFile; fileRef = 04C723C61C3A6BC000A3D085 /* phone_num@2x.png */; };
		04C723CB1C3A6EF600A3D085 /* LoginViewController.m in Sources */ = {isa = PBXBuildFile; fileRef = 04C723CA1C3A6EF600A3D085 /* LoginViewController.m */; };
/* End PBXBuildFile section */

/* Begin PBXContainerItemProxy section */
		04C723AC1C3A484900A3D085 /* PBXContainerItemProxy */ = {
			isa = PBXContainerItemProxy;
			containerPortal = 04C7238A1C3A484900A3D085 /* Project object */;
			proxyType = 1;
			remoteGlobalIDString = 04C723911C3A484900A3D085;
			remoteInfo = "雅思英语";
		};
/* End PBXContainerItemProxy section */

/* Begin PBXFileReference section */
		042F224A1C3E173F00B254C6 /* VipOneByOneViewController.m */ = {isa = PBXFileReference; fileEncoding = 4; lastKnownFileType = sourcecode.c.objc; path = VipOneByOneViewController.m; sourceTree = "<group>"; };
		042F224B1C3E173F00B254C6 /* VipOneByOneViewController.h */ = {isa = PBXFileReference; fileEncoding = 4; lastKnownFileType = sourcecode.c.h; path = VipOneByOneViewController.h; sourceTree = "<group>"; };
		042F224D1C3E33DD00B254C6 /* Default-568h@2x.png */ = {isa = PBXFileReference; lastKnownFileType = image.png; name = "Default-568h@2x.png"; path = "DBImageView/Default-568h@2x.png"; sourceTree = "<group>"; };
		042F224F1C3E508300B254C6 /* WebViewController.h */ = {isa = PBXFileReference; fileEncoding = 4; lastKnownFileType = sourcecode.c.h; path = WebViewController.h; sourceTree = "<group>"; };
		042F22501C3E508300B254C6 /* WebViewController.m */ = {isa = PBXFileReference; fileEncoding = 4; lastKnownFileType = sourcecode.c.objc; path = WebViewController.m; sourceTree = "<group>"; };
		043D4F951C3A9E790045EA89 /* UserRegViewController.h */ = {isa = PBXFileReference; fileEncoding = 4; lastKnownFileType = sourcecode.c.h; path = UserRegViewController.h; sourceTree = "<group>"; };
		043D4F961C3A9E790045EA89 /* UserRegViewController.m */ = {isa = PBXFileReference; fileEncoding = 4; lastKnownFileType = sourcecode.c.objc; path = UserRegViewController.m; sourceTree = "<group>"; };
		043D4F991C3AA4330045EA89 /* username@2x.png */ = {isa = PBXFileReference; lastKnownFileType = image.png; path = "username@2x.png"; sourceTree = "<group>"; };
		043D4F9B1C3AA43D0045EA89 /* code@2x.png */ = {isa = PBXFileReference; lastKnownFileType = image.png; path = "code@2x.png"; sourceTree = "<group>"; };
		043D4F9D1C3AAAD50045EA89 /* ResetPasswordViewController.h */ = {isa = PBXFileReference; fileEncoding = 4; lastKnownFileType = sourcecode.c.h; path = ResetPasswordViewController.h; sourceTree = "<group>"; };
		043D4F9E1C3AAAD50045EA89 /* ResetPasswordViewController.m */ = {isa = PBXFileReference; fileEncoding = 4; lastKnownFileType = sourcecode.c.objc; path = ResetPasswordViewController.m; sourceTree = "<group>"; };
		0452CBB51C3B549900F6C456 /* VipViewController.h */ = {isa = PBXFileReference; fileEncoding = 4; lastKnownFileType = sourcecode.c.h; path = VipViewController.h; sourceTree = "<group>"; };
		0452CBB61C3B549900F6C456 /* VipViewController.m */ = {isa = PBXFileReference; fileEncoding = 4; lastKnownFileType = sourcecode.c.objc; path = VipViewController.m; sourceTree = "<group>"; };
		0452CBB91C3B57D500F6C456 /* vip_public@2x.png */ = {isa = PBXFileReference; lastKnownFileType = image.png; path = "vip_public@2x.png"; sourceTree = "<group>"; };
		0452CBBB1C3B594300F6C456 /* vip_btn_up@2x.png */ = {isa = PBXFileReference; lastKnownFileType = image.png; path = "vip_btn_up@2x.png"; sourceTree = "<group>"; };
		0452CBBC1C3B594300F6C456 /* vip_btn_down@2x.png */ = {isa = PBXFileReference; lastKnownFileType = image.png; path = "vip_btn_down@2x.png"; sourceTree = "<group>"; };
		0452CBBD1C3B594300F6C456 /* vip_star2@2x.png */ = {isa = PBXFileReference; lastKnownFileType = image.png; path = "vip_star2@2x.png"; sourceTree = "<group>"; };
		0452CBBE1C3B594300F6C456 /* vip_star3@2x.png */ = {isa = PBXFileReference; lastKnownFileType = image.png; path = "vip_star3@2x.png"; sourceTree = "<group>"; };
		0452CBBF1C3B594300F6C456 /* vip_star4@2x.png */ = {isa = PBXFileReference; lastKnownFileType = image.png; path = "vip_star4@2x.png"; sourceTree = "<group>"; };
		0452CBC01C3B594300F6C456 /* vip_star5@2x.png */ = {isa = PBXFileReference; lastKnownFileType = image.png; path = "vip_star5@2x.png"; sourceTree = "<group>"; };
		0452CBC71C3B5DEA00F6C456 /* UIViewController+Json.h */ = {isa = PBXFileReference; fileEncoding = 4; lastKnownFileType = sourcecode.c.h; path = "UIViewController+Json.h"; sourceTree = "<group>"; };
		0452CBC81C3B5EDE00F6C456 /* UIViewController+Json.m */ = {isa = PBXFileReference; fileEncoding = 4; lastKnownFileType = sourcecode.c.objc; path = "UIViewController+Json.m"; sourceTree = "<group>"; };
		0452CBCA1C3B633100F6C456 /* vip_list1@2x.png */ = {isa = PBXFileReference; lastKnownFileType = image.png; path = "vip_list1@2x.png"; sourceTree = "<group>"; };
		0452CBCB1C3B633100F6C456 /* vip_list2@2x.png */ = {isa = PBXFileReference; lastKnownFileType = image.png; path = "vip_list2@2x.png"; sourceTree = "<group>"; };
		0452CBCC1C3B633100F6C456 /* vip_list3@2x.png */ = {isa = PBXFileReference; lastKnownFileType = image.png; path = "vip_list3@2x.png"; sourceTree = "<group>"; };
		0452CBCD1C3B633100F6C456 /* vip_list4@2x.png */ = {isa = PBXFileReference; lastKnownFileType = image.png; path = "vip_list4@2x.png"; sourceTree = "<group>"; };
		0452CBCE1C3B633100F6C456 /* vip_list5@2x.png */ = {isa = PBXFileReference; lastKnownFileType = image.png; path = "vip_list5@2x.png"; sourceTree = "<group>"; };
		0452CBCF1C3B633100F6C456 /* vip_list6@2x.png */ = {isa = PBXFileReference; lastKnownFileType = image.png; path = "vip_list6@2x.png"; sourceTree = "<group>"; };
		0452CBD01C3B633100F6C456 /* vip_list7@2x.png */ = {isa = PBXFileReference; lastKnownFileType = image.png; path = "vip_list7@2x.png"; sourceTree = "<group>"; };
		0452CBD81C3B6B8B00F6C456 /* VipPublicViewController.h */ = {isa = PBXFileReference; fileEncoding = 4; lastKnownFileType = sourcecode.c.h; path = VipPublicViewController.h; sourceTree = "<group>"; };
		0452CBD91C3B6B8B00F6C456 /* VipPublicViewController.m */ = {isa = PBXFileReference; fileEncoding = 4; lastKnownFileType = sourcecode.c.objc; path = VipPublicViewController.m; sourceTree = "<group>"; };
		0452CBDD1C3B70D600F6C456 /* en */ = {isa = PBXFileReference; lastKnownFileType = text.plist.strings; name = en; path = en.lproj/SMS_SDKLocalizable.strings; sourceTree = "<group>"; };
		0452CBDE1C3B70D600F6C456 /* MOBFoundation.framework */ = {isa = PBXFileReference; lastKnownFileType = wrapper.framework; path = MOBFoundation.framework; sourceTree = "<group>"; };
		0452CBDF1C3B70D600F6C456 /* SMS_SDK.framework */ = {isa = PBXFileReference; lastKnownFileType = wrapper.framework; path = SMS_SDK.framework; sourceTree = "<group>"; };
		0452CBE01C3B70D600F6C456 /* zh-Hans */ = {isa = PBXFileReference; lastKnownFileType = text.plist.strings; name = "zh-Hans"; path = "zh-Hans.lproj/SMS_SDKLocalizable.strings"; sourceTree = "<group>"; };
		0452CBE41C3B754400F6C456 /* libz.dylib */ = {isa = PBXFileReference; lastKnownFileType = "compiled.mach-o.dylib"; name = libz.dylib; path = usr/lib/libz.dylib; sourceTree = SDKROOT; };
		0452CBE61C3B755000F6C456 /* libicucore.dylib */ = {isa = PBXFileReference; lastKnownFileType = "compiled.mach-o.dylib"; name = libicucore.dylib; path = usr/lib/libicucore.dylib; sourceTree = SDKROOT; };
		0452CBE81C3B755A00F6C456 /* JavaScriptCore.framework */ = {isa = PBXFileReference; lastKnownFileType = wrapper.framework; name = JavaScriptCore.framework; path = System/Library/Frameworks/JavaScriptCore.framework; sourceTree = SDKROOT; };
		0452CBEA1C3B756600F6C456 /* libstdc++.dylib */ = {isa = PBXFileReference; lastKnownFileType = "compiled.mach-o.dylib"; name = "libstdc++.dylib"; path = "usr/lib/libstdc++.dylib"; sourceTree = SDKROOT; };
		0452CBEE1C3B773E00F6C456 /* bg_2@2x.png */ = {isa = PBXFileReference; lastKnownFileType = image.png; path = "bg_2@2x.png"; sourceTree = "<group>"; };
		0452CBEF1C3B773E00F6C456 /* bg_3@2x.png */ = {isa = PBXFileReference; lastKnownFileType = image.png; path = "bg_3@2x.png"; sourceTree = "<group>"; };
		0452CBF01C3B773E00F6C456 /* bg_4@2x.png */ = {isa = PBXFileReference; lastKnownFileType = image.png; path = "bg_4@2x.png"; sourceTree = "<group>"; };
		0452CBF51C3B9BE100F6C456 /* bg_1@2x.png */ = {isa = PBXFileReference; lastKnownFileType = image.png; path = "bg_1@2x.png"; sourceTree = "<group>"; };
		0452CBF71C3BBF8F00F6C456 /* PublicRegViewController.h */ = {isa = PBXFileReference; fileEncoding = 4; lastKnownFileType = sourcecode.c.h; path = PublicRegViewController.h; sourceTree = "<group>"; };
		0452CBF81C3BBF8F00F6C456 /* PublicRegViewController.m */ = {isa = PBXFileReference; fileEncoding = 4; lastKnownFileType = sourcecode.c.objc; path = PublicRegViewController.m; sourceTree = "<group>"; };
		045D8B7D1C453B1900360D31 /* TeacherViewController.h */ = {isa = PBXFileReference; fileEncoding = 4; lastKnownFileType = sourcecode.c.h; path = TeacherViewController.h; sourceTree = "<group>"; };
		045D8B7E1C453B1900360D31 /* TeacherViewController.m */ = {isa = PBXFileReference; fileEncoding = 4; lastKnownFileType = sourcecode.c.objc; path = TeacherViewController.m; sourceTree = "<group>"; };
		0468765B1C44B3F700E8B250 /* bg_6@2x.png */ = {isa = PBXFileReference; lastKnownFileType = image.png; path = "bg_6@2x.png"; sourceTree = "<group>"; };
		0468765C1C44B3F700E8B250 /* header_btn_xiaoxi@2x.png */ = {isa = PBXFileReference; lastKnownFileType = image.png; path = "header_btn_xiaoxi@2x.png"; sourceTree = "<group>"; };
		046876611C44B40E00E8B250 /* DetailsViewController.h */ = {isa = PBXFileReference; fileEncoding = 4; lastKnownFileType = sourcecode.c.h; path = DetailsViewController.h; sourceTree = "<group>"; };
		046876621C44B40E00E8B250 /* DetailsViewController.m */ = {isa = PBXFileReference; fileEncoding = 4; lastKnownFileType = sourcecode.c.objc; path = DetailsViewController.m; sourceTree = "<group>"; };
		046876631C44B40E00E8B250 /* PredictViewController.h */ = {isa = PBXFileReference; fileEncoding = 4; lastKnownFileType = sourcecode.c.h; path = PredictViewController.h; sourceTree = "<group>"; };
		046876641C44B40E00E8B250 /* PredictViewController.m */ = {isa = PBXFileReference; fileEncoding = 4; lastKnownFileType = sourcecode.c.objc; path = PredictViewController.m; sourceTree = "<group>"; };
		046876681C44B4C000E8B250 /* TableViewCell.h */ = {isa = PBXFileReference; fileEncoding = 4; lastKnownFileType = sourcecode.c.h; path = TableViewCell.h; sourceTree = "<group>"; };
		046876691C44B4C000E8B250 /* TableViewCell.m */ = {isa = PBXFileReference; fileEncoding = 4; lastKnownFileType = sourcecode.c.objc; path = TableViewCell.m; sourceTree = "<group>"; };
		0468766C1C44B4E400E8B250 /* MKAnnotationView+WebCache.h */ = {isa = PBXFileReference; fileEncoding = 4; lastKnownFileType = sourcecode.c.h; path = "MKAnnotationView+WebCache.h"; sourceTree = "<group>"; };
		0468766D1C44B4E400E8B250 /* MKAnnotationView+WebCache.m */ = {isa = PBXFileReference; fileEncoding = 4; lastKnownFileType = sourcecode.c.objc; path = "MKAnnotationView+WebCache.m"; sourceTree = "<group>"; };
		0468766E1C44B4E400E8B250 /* NSData+ImageContentType.h */ = {isa = PBXFileReference; fileEncoding = 4; lastKnownFileType = sourcecode.c.h; path = "NSData+ImageContentType.h"; sourceTree = "<group>"; };
		0468766F1C44B4E400E8B250 /* NSData+ImageContentType.m */ = {isa = PBXFileReference; fileEncoding = 4; lastKnownFileType = sourcecode.c.objc; path = "NSData+ImageContentType.m"; sourceTree = "<group>"; };
		046876701C44B4E400E8B250 /* SDImageCache.h */ = {isa = PBXFileReference; fileEncoding = 4; lastKnownFileType = sourcecode.c.h; path = SDImageCache.h; sourceTree = "<group>"; };
		046876711C44B4E400E8B250 /* SDImageCache.m */ = {isa = PBXFileReference; fileEncoding = 4; lastKnownFileType = sourcecode.c.objc; path = SDImageCache.m; sourceTree = "<group>"; };
		046876721C44B4E400E8B250 /* SDWebImageCompat.h */ = {isa = PBXFileReference; fileEncoding = 4; lastKnownFileType = sourcecode.c.h; path = SDWebImageCompat.h; sourceTree = "<group>"; };
		046876731C44B4E400E8B250 /* SDWebImageCompat.m */ = {isa = PBXFileReference; fileEncoding = 4; lastKnownFileType = sourcecode.c.objc; path = SDWebImageCompat.m; sourceTree = "<group>"; };
		046876741C44B4E400E8B250 /* SDWebImageDecoder.h */ = {isa = PBXFileReference; fileEncoding = 4; lastKnownFileType = sourcecode.c.h; path = SDWebImageDecoder.h; sourceTree = "<group>"; };
		046876751C44B4E400E8B250 /* SDWebImageDecoder.m */ = {isa = PBXFileReference; fileEncoding = 4; lastKnownFileType = sourcecode.c.objc; path = SDWebImageDecoder.m; sourceTree = "<group>"; };
		046876761C44B4E400E8B250 /* SDWebImageDownloader.h */ = {isa = PBXFileReference; fileEncoding = 4; lastKnownFileType = sourcecode.c.h; path = SDWebImageDownloader.h; sourceTree = "<group>"; };
		046876771C44B4E400E8B250 /* SDWebImageDownloader.m */ = {isa = PBXFileReference; fileEncoding = 4; lastKnownFileType = sourcecode.c.objc; path = SDWebImageDownloader.m; sourceTree = "<group>"; };
		046876781C44B4E400E8B250 /* SDWebImageDownloaderOperation.h */ = {isa = PBXFileReference; fileEncoding = 4; lastKnownFileType = sourcecode.c.h; path = SDWebImageDownloaderOperation.h; sourceTree = "<group>"; };
		046876791C44B4E400E8B250 /* SDWebImageDownloaderOperation.m */ = {isa = PBXFileReference; fileEncoding = 4; lastKnownFileType = sourcecode.c.objc; path = SDWebImageDownloaderOperation.m; sourceTree = "<group>"; };
		0468767A1C44B4E400E8B250 /* SDWebImageManager.h */ = {isa = PBXFileReference; fileEncoding = 4; lastKnownFileType = sourcecode.c.h; path = SDWebImageManager.h; sourceTree = "<group>"; };
		0468767B1C44B4E400E8B250 /* SDWebImageManager.m */ = {isa = PBXFileReference; fileEncoding = 4; lastKnownFileType = sourcecode.c.objc; path = SDWebImageManager.m; sourceTree = "<group>"; };
		0468767C1C44B4E400E8B250 /* SDWebImageOperation.h */ = {isa = PBXFileReference; fileEncoding = 4; lastKnownFileType = sourcecode.c.h; path = SDWebImageOperation.h; sourceTree = "<group>"; };
		0468767D1C44B4E400E8B250 /* SDWebImagePrefetcher.h */ = {isa = PBXFileReference; fileEncoding = 4; lastKnownFileType = sourcecode.c.h; path = SDWebImagePrefetcher.h; sourceTree = "<group>"; };
		0468767E1C44B4E400E8B250 /* SDWebImagePrefetcher.m */ = {isa = PBXFileReference; fileEncoding = 4; lastKnownFileType = sourcecode.c.objc; path = SDWebImagePrefetcher.m; sourceTree = "<group>"; };
		0468767F1C44B4E400E8B250 /* UIButton+WebCache.h */ = {isa = PBXFileReference; fileEncoding = 4; lastKnownFileType = sourcecode.c.h; path = "UIButton+WebCache.h"; sourceTree = "<group>"; };
		046876801C44B4E400E8B250 /* UIButton+WebCache.m */ = {isa = PBXFileReference; fileEncoding = 4; lastKnownFileType = sourcecode.c.objc; path = "UIButton+WebCache.m"; sourceTree = "<group>"; };
		046876811C44B4E400E8B250 /* UIImage+GIF.h */ = {isa = PBXFileReference; fileEncoding = 4; lastKnownFileType = sourcecode.c.h; path = "UIImage+GIF.h"; sourceTree = "<group>"; };
		046876821C44B4E400E8B250 /* UIImage+GIF.m */ = {isa = PBXFileReference; fileEncoding = 4; lastKnownFileType = sourcecode.c.objc; path = "UIImage+GIF.m"; sourceTree = "<group>"; };
		046876831C44B4E400E8B250 /* UIImage+MultiFormat.h */ = {isa = PBXFileReference; fileEncoding = 4; lastKnownFileType = sourcecode.c.h; path = "UIImage+MultiFormat.h"; sourceTree = "<group>"; };
		046876841C44B4E400E8B250 /* UIImage+MultiFormat.m */ = {isa = PBXFileReference; fileEncoding = 4; lastKnownFileType = sourcecode.c.objc; path = "UIImage+MultiFormat.m"; sourceTree = "<group>"; };
		046876851C44B4E400E8B250 /* UIImage+WebP.h */ = {isa = PBXFileReference; fileEncoding = 4; lastKnownFileType = sourcecode.c.h; path = "UIImage+WebP.h"; sourceTree = "<group>"; };
		046876861C44B4E400E8B250 /* UIImage+WebP.m */ = {isa = PBXFileReference; fileEncoding = 4; lastKnownFileType = sourcecode.c.objc; path = "UIImage+WebP.m"; sourceTree = "<group>"; };
		046876871C44B4E400E8B250 /* UIImageView+HighlightedWebCache.h */ = {isa = PBXFileReference; fileEncoding = 4; lastKnownFileType = sourcecode.c.h; path = "UIImageView+HighlightedWebCache.h"; sourceTree = "<group>"; };
		046876881C44B4E400E8B250 /* UIImageView+HighlightedWebCache.m */ = {isa = PBXFileReference; fileEncoding = 4; lastKnownFileType = sourcecode.c.objc; path = "UIImageView+HighlightedWebCache.m"; sourceTree = "<group>"; };
		046876891C44B4E400E8B250 /* UIImageView+WebCache.h */ = {isa = PBXFileReference; fileEncoding = 4; lastKnownFileType = sourcecode.c.h; path = "UIImageView+WebCache.h"; sourceTree = "<group>"; };
		0468768A1C44B4E400E8B250 /* UIImageView+WebCache.m */ = {isa = PBXFileReference; fileEncoding = 4; lastKnownFileType = sourcecode.c.objc; path = "UIImageView+WebCache.m"; sourceTree = "<group>"; };
		0468768B1C44B4E400E8B250 /* UIView+WebCacheOperation.h */ = {isa = PBXFileReference; fileEncoding = 4; lastKnownFileType = sourcecode.c.h; path = "UIView+WebCacheOperation.h"; sourceTree = "<group>"; };
		0468768C1C44B4E400E8B250 /* UIView+WebCacheOperation.m */ = {isa = PBXFileReference; fileEncoding = 4; lastKnownFileType = sourcecode.c.objc; path = "UIView+WebCacheOperation.m"; sourceTree = "<group>"; };
		0468769E1C44B53A00E8B250 /* PredictModel.h */ = {isa = PBXFileReference; fileEncoding = 4; lastKnownFileType = sourcecode.c.h; path = PredictModel.h; sourceTree = "<group>"; };
		0468769F1C44B53A00E8B250 /* PredictModel.m */ = {isa = PBXFileReference; fileEncoding = 4; lastKnownFileType = sourcecode.c.objc; path = PredictModel.m; sourceTree = "<group>"; };
		04B6D7461C3CA89D0087232E /* contents_bg@2x.png */ = {isa = PBXFileReference; lastKnownFileType = image.png; path = "contents_bg@2x.png"; sourceTree = "<group>"; };
		04B6D7471C3CA89D0087232E /* contents_listening@2x.png */ = {isa = PBXFileReference; lastKnownFileType = image.png; path = "contents_listening@2x.png"; sourceTree = "<group>"; };
		04B6D7481C3CA89D0087232E /* contents_read@2x (2).png */ = {isa = PBXFileReference; lastKnownFileType = image.png; path = "contents_read@2x (2).png"; sourceTree = "<group>"; };
		04B6D7491C3CA89D0087232E /* contents_shanxing@2x.png */ = {isa = PBXFileReference; lastKnownFileType = image.png; path = "contents_shanxing@2x.png"; sourceTree = "<group>"; };
		04B6D74A1C3CA89D0087232E /* contents_speaking@2x (2).png */ = {isa = PBXFileReference; lastKnownFileType = image.png; path = "contents_speaking@2x (2).png"; sourceTree = "<group>"; };
		04B6D74B1C3CA89D0087232E /* contents_write@2x (2).png */ = {isa = PBXFileReference; lastKnownFileType = image.png; path = "contents_write@2x (2).png"; sourceTree = "<group>"; };
		04B6D74C1C3CA89D0087232E /* tab_faxian@2x.png */ = {isa = PBXFileReference; lastKnownFileType = image.png; path = "tab_faxian@2x.png"; sourceTree = "<group>"; };
		04B6D74D1C3CA89D0087232E /* tab_kaoqianyuce@2x.png */ = {isa = PBXFileReference; lastKnownFileType = image.png; path = "tab_kaoqianyuce@2x.png"; sourceTree = "<group>"; };
		04B6D74E1C3CA89D0087232E /* tab_people@2x.png */ = {isa = PBXFileReference; lastKnownFileType = image.png; path = "tab_people@2x.png"; sourceTree = "<group>"; };
		04B6D74F1C3CA89D0087232E /* tab_vip@2x.png */ = {isa = PBXFileReference; lastKnownFileType = image.png; path = "tab_vip@2x.png"; sourceTree = "<group>"; };
		04B6D7511C3CA89D0087232E /* YSFirstViewController.h */ = {isa = PBXFileReference; fileEncoding = 4; lastKnownFileType = sourcecode.c.h; path = YSFirstViewController.h; sourceTree = "<group>"; };
		04B6D7521C3CA89D0087232E /* YSFirstViewController.m */ = {isa = PBXFileReference; fileEncoding = 4; lastKnownFileType = sourcecode.c.objc; path = YSFirstViewController.m; sourceTree = "<group>"; };
		04B6D7551C3CA89D0087232E /* MASCompositeConstraint.h */ = {isa = PBXFileReference; fileEncoding = 4; lastKnownFileType = sourcecode.c.h; path = MASCompositeConstraint.h; sourceTree = "<group>"; };
		04B6D7561C3CA89D0087232E /* MASCompositeConstraint.m */ = {isa = PBXFileReference; fileEncoding = 4; lastKnownFileType = sourcecode.c.objc; path = MASCompositeConstraint.m; sourceTree = "<group>"; };
		04B6D7571C3CA89D0087232E /* MASConstraint+Private.h */ = {isa = PBXFileReference; fileEncoding = 4; lastKnownFileType = sourcecode.c.h; path = "MASConstraint+Private.h"; sourceTree = "<group>"; };
		04B6D7581C3CA89D0087232E /* MASConstraint.h */ = {isa = PBXFileReference; fileEncoding = 4; lastKnownFileType = sourcecode.c.h; path = MASConstraint.h; sourceTree = "<group>"; };
		04B6D7591C3CA89D0087232E /* MASConstraint.m */ = {isa = PBXFileReference; fileEncoding = 4; lastKnownFileType = sourcecode.c.objc; path = MASConstraint.m; sourceTree = "<group>"; };
		04B6D75A1C3CA89D0087232E /* MASConstraintMaker.h */ = {isa = PBXFileReference; fileEncoding = 4; lastKnownFileType = sourcecode.c.h; path = MASConstraintMaker.h; sourceTree = "<group>"; };
		04B6D75B1C3CA89D0087232E /* MASConstraintMaker.m */ = {isa = PBXFileReference; fileEncoding = 4; lastKnownFileType = sourcecode.c.objc; path = MASConstraintMaker.m; sourceTree = "<group>"; };
		04B6D75C1C3CA89D0087232E /* MASLayoutConstraint.h */ = {isa = PBXFileReference; fileEncoding = 4; lastKnownFileType = sourcecode.c.h; path = MASLayoutConstraint.h; sourceTree = "<group>"; };
		04B6D75D1C3CA89D0087232E /* MASLayoutConstraint.m */ = {isa = PBXFileReference; fileEncoding = 4; lastKnownFileType = sourcecode.c.objc; path = MASLayoutConstraint.m; sourceTree = "<group>"; };
		04B6D75E1C3CA89D0087232E /* Masonry.h */ = {isa = PBXFileReference; fileEncoding = 4; lastKnownFileType = sourcecode.c.h; path = Masonry.h; sourceTree = "<group>"; };
		04B6D75F1C3CA89D0087232E /* MASUtilities.h */ = {isa = PBXFileReference; fileEncoding = 4; lastKnownFileType = sourcecode.c.h; path = MASUtilities.h; sourceTree = "<group>"; };
		04B6D7601C3CA89D0087232E /* MASViewAttribute.h */ = {isa = PBXFileReference; fileEncoding = 4; lastKnownFileType = sourcecode.c.h; path = MASViewAttribute.h; sourceTree = "<group>"; };
		04B6D7611C3CA89D0087232E /* MASViewAttribute.m */ = {isa = PBXFileReference; fileEncoding = 4; lastKnownFileType = sourcecode.c.objc; path = MASViewAttribute.m; sourceTree = "<group>"; };
		04B6D7621C3CA89D0087232E /* MASViewConstraint.h */ = {isa = PBXFileReference; fileEncoding = 4; lastKnownFileType = sourcecode.c.h; path = MASViewConstraint.h; sourceTree = "<group>"; };
		04B6D7631C3CA89D0087232E /* MASViewConstraint.m */ = {isa = PBXFileReference; fileEncoding = 4; lastKnownFileType = sourcecode.c.objc; path = MASViewConstraint.m; sourceTree = "<group>"; };
		04B6D7641C3CA89D0087232E /* NSArray+MASAdditions.h */ = {isa = PBXFileReference; fileEncoding = 4; lastKnownFileType = sourcecode.c.h; path = "NSArray+MASAdditions.h"; sourceTree = "<group>"; };
		04B6D7651C3CA89D0087232E /* NSArray+MASAdditions.m */ = {isa = PBXFileReference; fileEncoding = 4; lastKnownFileType = sourcecode.c.objc; path = "NSArray+MASAdditions.m"; sourceTree = "<group>"; };
		04B6D7661C3CA89D0087232E /* NSArray+MASShorthandAdditions.h */ = {isa = PBXFileReference; fileEncoding = 4; lastKnownFileType = sourcecode.c.h; path = "NSArray+MASShorthandAdditions.h"; sourceTree = "<group>"; };
		04B6D7671C3CA89D0087232E /* NSLayoutConstraint+MASDebugAdditions.h */ = {isa = PBXFileReference; fileEncoding = 4; lastKnownFileType = sourcecode.c.h; path = "NSLayoutConstraint+MASDebugAdditions.h"; sourceTree = "<group>"; };
		04B6D7681C3CA89D0087232E /* NSLayoutConstraint+MASDebugAdditions.m */ = {isa = PBXFileReference; fileEncoding = 4; lastKnownFileType = sourcecode.c.objc; path = "NSLayoutConstraint+MASDebugAdditions.m"; sourceTree = "<group>"; };
		04B6D7691C3CA89D0087232E /* View+MASAdditions.h */ = {isa = PBXFileReference; fileEncoding = 4; lastKnownFileType = sourcecode.c.h; path = "View+MASAdditions.h"; sourceTree = "<group>"; };
		04B6D76A1C3CA89D0087232E /* View+MASAdditions.m */ = {isa = PBXFileReference; fileEncoding = 4; lastKnownFileType = sourcecode.c.objc; path = "View+MASAdditions.m"; sourceTree = "<group>"; };
		04B6D76B1C3CA89D0087232E /* View+MASShorthandAdditions.h */ = {isa = PBXFileReference; fileEncoding = 4; lastKnownFileType = sourcecode.c.h; path = "View+MASShorthandAdditions.h"; sourceTree = "<group>"; };
		04B6D76C1C3CA89D0087232E /* ViewController+MASAdditions.h */ = {isa = PBXFileReference; fileEncoding = 4; lastKnownFileType = sourcecode.c.h; path = "ViewController+MASAdditions.h"; sourceTree = "<group>"; };
		04B6D76D1C3CA89D0087232E /* ViewController+MASAdditions.m */ = {isa = PBXFileReference; fileEncoding = 4; lastKnownFileType = sourcecode.c.objc; path = "ViewController+MASAdditions.m"; sourceTree = "<group>"; };
		04B6D76F1C3CA89D0087232E /* CDRTranslucentSideBar.h */ = {isa = PBXFileReference; fileEncoding = 4; lastKnownFileType = sourcecode.c.h; path = CDRTranslucentSideBar.h; sourceTree = "<group>"; };
		04B6D7701C3CA89D0087232E /* CDRTranslucentSideBar.m */ = {isa = PBXFileReference; fileEncoding = 4; lastKnownFileType = sourcecode.c.objc; path = CDRTranslucentSideBar.m; sourceTree = "<group>"; };
		04B6D7721C3CA89D0087232E /* sideBarTableViewCell.h */ = {isa = PBXFileReference; fileEncoding = 4; lastKnownFileType = sourcecode.c.h; path = sideBarTableViewCell.h; sourceTree = "<group>"; };
		04B6D7731C3CA89D0087232E /* sideBarTableViewCell.m */ = {isa = PBXFileReference; fileEncoding = 4; lastKnownFileType = sourcecode.c.objc; path = sideBarTableViewCell.m; sourceTree = "<group>"; };
		04B6D7751C3CA89D0087232E /* list_cuotiji@2x.png */ = {isa = PBXFileReference; lastKnownFileType = image.png; path = "list_cuotiji@2x.png"; sourceTree = "<group>"; };
		04B6D7761C3CA89D0087232E /* list_gerenziliao@2x.png */ = {isa = PBXFileReference; lastKnownFileType = image.png; path = "list_gerenziliao@2x.png"; sourceTree = "<group>"; };
		04B6D7771C3CA89D0087232E /* list_nanduwenzhang@2x.png */ = {isa = PBXFileReference; lastKnownFileType = image.png; path = "list_nanduwenzhang@2x.png"; sourceTree = "<group>"; };
		04B6D7781C3CA89D0087232E /* list_rengongfuwu@2x.png */ = {isa = PBXFileReference; lastKnownFileType = image.png; path = "list_rengongfuwu@2x.png"; sourceTree = "<group>"; };
		04B6D7791C3CA89D0087232E /* list_shengciben@2x.png */ = {isa = PBXFileReference; lastKnownFileType = image.png; path = "list_shengciben@2x.png"; sourceTree = "<group>"; };
		04B6D77A1C3CA89D0087232E /* list_vip@2x.png */ = {isa = PBXFileReference; lastKnownFileType = image.png; path = "list_vip@2x.png"; sourceTree = "<group>"; };
		04B6D77B1C3CA89D0087232E /* list_yuyinguangchang@2x.png */ = {isa = PBXFileReference; lastKnownFileType = image.png; path = "list_yuyinguangchang@2x.png"; sourceTree = "<group>"; };
		04B6D79B1C3CB8140087232E /* DBImage.h */ = {isa = PBXFileReference; fileEncoding = 4; lastKnownFileType = sourcecode.c.h; path = DBImage.h; sourceTree = "<group>"; };
		04B6D79C1C3CB8140087232E /* DBImage.m */ = {isa = PBXFileReference; fileEncoding = 4; lastKnownFileType = sourcecode.c.objc; path = DBImage.m; sourceTree = "<group>"; };
		04B6D79D1C3CB8140087232E /* DBImageRequest.h */ = {isa = PBXFileReference; fileEncoding = 4; lastKnownFileType = sourcecode.c.h; path = DBImageRequest.h; sourceTree = "<group>"; };
		04B6D79E1C3CB8140087232E /* DBImageRequest.m */ = {isa = PBXFileReference; fileEncoding = 4; lastKnownFileType = sourcecode.c.objc; path = DBImageRequest.m; sourceTree = "<group>"; };
		04B6D79F1C3CB8140087232E /* DBImageView.h */ = {isa = PBXFileReference; fileEncoding = 4; lastKnownFileType = sourcecode.c.h; path = DBImageView.h; sourceTree = "<group>"; };
		04B6D7A01C3CB8140087232E /* DBImageView.m */ = {isa = PBXFileReference; fileEncoding = 4; lastKnownFileType = sourcecode.c.objc; path = DBImageView.m; sourceTree = "<group>"; };
		04B6D7A11C3CB8140087232E /* DBImageViewCache.h */ = {isa = PBXFileReference; fileEncoding = 4; lastKnownFileType = sourcecode.c.h; path = DBImageViewCache.h; sourceTree = "<group>"; };
		04B6D7A21C3CB8140087232E /* DBImageViewCache.m */ = {isa = PBXFileReference; fileEncoding = 4; lastKnownFileType = sourcecode.c.objc; path = DBImageViewCache.m; sourceTree = "<group>"; };
		04B6D7AD1C3CDFF30087232E /* VipPublicDetailViewController.h */ = {isa = PBXFileReference; fileEncoding = 4; lastKnownFileType = sourcecode.c.h; path = VipPublicDetailViewController.h; sourceTree = "<group>"; };
		04B6D7AE1C3CDFF30087232E /* VipPublicDetailViewController.m */ = {isa = PBXFileReference; fileEncoding = 4; lastKnownFileType = sourcecode.c.objc; path = VipPublicDetailViewController.m; sourceTree = "<group>"; };
		04C723921C3A484900A3D085 /* 雅思英语.app */ = {isa = PBXFileReference; explicitFileType = wrapper.application; includeInIndex = 0; path = "雅思英语.app"; sourceTree = BUILT_PRODUCTS_DIR; };
		04C723961C3A484900A3D085 /* Info.plist */ = {isa = PBXFileReference; lastKnownFileType = text.plist.xml; path = Info.plist; sourceTree = "<group>"; };
		04C723971C3A484900A3D085 /* main.m */ = {isa = PBXFileReference; lastKnownFileType = sourcecode.c.objc; path = main.m; sourceTree = "<group>"; };
		04C723991C3A484900A3D085 /* AppDelegate.h */ = {isa = PBXFileReference; lastKnownFileType = sourcecode.c.h; path = AppDelegate.h; sourceTree = "<group>"; };
		04C7239A1C3A484900A3D085 /* AppDelegate.m */ = {isa = PBXFileReference; lastKnownFileType = sourcecode.c.objc; path = AppDelegate.m; sourceTree = "<group>"; };
		04C7239C1C3A484900A3D085 /* ViewController.h */ = {isa = PBXFileReference; lastKnownFileType = sourcecode.c.h; path = ViewController.h; sourceTree = "<group>"; };
		04C7239D1C3A484900A3D085 /* ViewController.m */ = {isa = PBXFileReference; lastKnownFileType = sourcecode.c.objc; path = ViewController.m; sourceTree = "<group>"; };
		04C723A01C3A484900A3D085 /* Base */ = {isa = PBXFileReference; lastKnownFileType = file.storyboard; name = Base; path = Base.lproj/Main.storyboard; sourceTree = "<group>"; };
		04C723A21C3A484900A3D085 /* Images.xcassets */ = {isa = PBXFileReference; lastKnownFileType = folder.assetcatalog; path = Images.xcassets; sourceTree = "<group>"; };
		04C723A51C3A484900A3D085 /* Base */ = {isa = PBXFileReference; lastKnownFileType = file.xib; name = Base; path = Base.lproj/LaunchScreen.xib; sourceTree = "<group>"; };
		04C723AB1C3A484900A3D085 /* 雅思英语Tests.xctest */ = {isa = PBXFileReference; explicitFileType = wrapper.cfbundle; includeInIndex = 0; path = "雅思英语Tests.xctest"; sourceTree = BUILT_PRODUCTS_DIR; };
		04C723B01C3A484900A3D085 /* Info.plist */ = {isa = PBXFileReference; lastKnownFileType = text.plist.xml; path = Info.plist; sourceTree = "<group>"; };
		04C723B11C3A484900A3D085 /* ____Tests.m */ = {isa = PBXFileReference; lastKnownFileType = sourcecode.c.objc; path = "____Tests.m"; sourceTree = "<group>"; };
		04C723BD1C3A4FCB00A3D085 /* begin_bg@2x.png */ = {isa = PBXFileReference; lastKnownFileType = image.png; path = "begin_bg@2x.png"; sourceTree = "<group>"; };
		04C723C01C3A6B6B00A3D085 /* login_bg@2x.png */ = {isa = PBXFileReference; lastKnownFileType = image.png; path = "login_bg@2x.png"; sourceTree = "<group>"; };
		04C723C31C3A6B9600A3D085 /* btn_tijiao@2x.png */ = {isa = PBXFileReference; lastKnownFileType = image.png; path = "btn_tijiao@2x.png"; sourceTree = "<group>"; };
		04C723C51C3A6BC000A3D085 /* password@2x.png */ = {isa = PBXFileReference; lastKnownFileType = image.png; path = "password@2x.png"; sourceTree = "<group>"; };
		04C723C61C3A6BC000A3D085 /* phone_num@2x.png */ = {isa = PBXFileReference; lastKnownFileType = image.png; path = "phone_num@2x.png"; sourceTree = "<group>"; };
		04C723C91C3A6EF600A3D085 /* LoginViewController.h */ = {isa = PBXFileReference; fileEncoding = 4; lastKnownFileType = sourcecode.c.h; path = LoginViewController.h; sourceTree = "<group>"; };
		04C723CA1C3A6EF600A3D085 /* LoginViewController.m */ = {isa = PBXFileReference; fileEncoding = 4; lastKnownFileType = sourcecode.c.objc; path = LoginViewController.m; sourceTree = "<group>"; };
/* End PBXFileReference section */

/* Begin PBXFrameworksBuildPhase section */
		04C7238F1C3A484900A3D085 /* Frameworks */ = {
			isa = PBXFrameworksBuildPhase;
			buildActionMask = 2147483647;
			files = (
				0452CBEB1C3B756600F6C456 /* libstdc++.dylib in Frameworks */,
				0452CBE91C3B755A00F6C456 /* JavaScriptCore.framework in Frameworks */,
				0452CBE71C3B755000F6C456 /* libicucore.dylib in Frameworks */,
				0452CBE51C3B754400F6C456 /* libz.dylib in Frameworks */,
				0452CBE21C3B70D600F6C456 /* MOBFoundation.framework in Frameworks */,
				0452CBE31C3B70D600F6C456 /* SMS_SDK.framework in Frameworks */,
			);
			runOnlyForDeploymentPostprocessing = 0;
		};
		04C723A81C3A484900A3D085 /* Frameworks */ = {
			isa = PBXFrameworksBuildPhase;
			buildActionMask = 2147483647;
			files = (
			);
			runOnlyForDeploymentPostprocessing = 0;
		};
/* End PBXFrameworksBuildPhase section */

/* Begin PBXGroup section */
		043D4F981C3AA2FC0045EA89 /* UserRegPage */ = {
			isa = PBXGroup;
			children = (
				043D4F991C3AA4330045EA89 /* username@2x.png */,
				043D4F9B1C3AA43D0045EA89 /* code@2x.png */,
			);
			name = UserRegPage;
			sourceTree = "<group>";
		};
		0452CBB81C3B567200F6C456 /* VIPLesson */ = {
			isa = PBXGroup;
			children = (
				0452CBBB1C3B594300F6C456 /* vip_btn_up@2x.png */,
				0452CBBC1C3B594300F6C456 /* vip_btn_down@2x.png */,
				0452CBBD1C3B594300F6C456 /* vip_star2@2x.png */,
				0452CBBE1C3B594300F6C456 /* vip_star3@2x.png */,
				0452CBBF1C3B594300F6C456 /* vip_star4@2x.png */,
				0452CBC01C3B594300F6C456 /* vip_star5@2x.png */,
				0452CBB91C3B57D500F6C456 /* vip_public@2x.png */,
				0452CBCA1C3B633100F6C456 /* vip_list1@2x.png */,
				0452CBCB1C3B633100F6C456 /* vip_list2@2x.png */,
				0452CBCC1C3B633100F6C456 /* vip_list3@2x.png */,
				0452CBCD1C3B633100F6C456 /* vip_list4@2x.png */,
				0452CBCE1C3B633100F6C456 /* vip_list5@2x.png */,
				0452CBCF1C3B633100F6C456 /* vip_list6@2x.png */,
				0452CBD01C3B633100F6C456 /* vip_list7@2x.png */,
			);
			name = VIPLesson;
			sourceTree = "<group>";
		};
		0452CBDB1C3B70D600F6C456 /* SMS_SDK */ = {
			isa = PBXGroup;
			children = (
				0452CBEA1C3B756600F6C456 /* libstdc++.dylib */,
				0452CBE81C3B755A00F6C456 /* JavaScriptCore.framework */,
				0452CBE61C3B755000F6C456 /* libicucore.dylib */,
				0452CBE41C3B754400F6C456 /* libz.dylib */,
				0452CBDC1C3B70D600F6C456 /* SMS_SDKLocalizable.strings */,
				0452CBDE1C3B70D600F6C456 /* MOBFoundation.framework */,
				0452CBDF1C3B70D600F6C456 /* SMS_SDK.framework */,
			);
			path = SMS_SDK;
			sourceTree = "<group>";
		};
		0452CBEC1C3B76D200F6C456 /* VIPPublic */ = {
			isa = PBXGroup;
			children = (
				0452CBF51C3B9BE100F6C456 /* bg_1@2x.png */,
				0452CBEE1C3B773E00F6C456 /* bg_2@2x.png */,
				0452CBEF1C3B773E00F6C456 /* bg_3@2x.png */,
				0452CBF01C3B773E00F6C456 /* bg_4@2x.png */,
			);
			name = VIPPublic;
			sourceTree = "<group>";
		};
		0468765A1C44B3F700E8B250 /* PredictImg */ = {
			isa = PBXGroup;
			children = (
				0468765B1C44B3F700E8B250 /* bg_6@2x.png */,
				0468765C1C44B3F700E8B250 /* header_btn_xiaoxi@2x.png */,
			);
			path = PredictImg;
			sourceTree = "<group>";
		};
		0468765F1C44B40E00E8B250 /* Predict */ = {
			isa = PBXGroup;
			children = (
				046876601C44B40E00E8B250 /* Details */,
				046876631C44B40E00E8B250 /* PredictViewController.h */,
				046876641C44B40E00E8B250 /* PredictViewController.m */,
			);
			path = Predict;
			sourceTree = "<group>";
		};
		046876601C44B40E00E8B250 /* Details */ = {
			isa = PBXGroup;
			children = (
				046876611C44B40E00E8B250 /* DetailsViewController.h */,
				046876621C44B40E00E8B250 /* DetailsViewController.m */,
			);
			path = Details;
			sourceTree = "<group>";
		};
		046876671C44B4C000E8B250 /* PredictCell */ = {
			isa = PBXGroup;
			children = (
				046876681C44B4C000E8B250 /* TableViewCell.h */,
				046876691C44B4C000E8B250 /* TableViewCell.m */,
			);
			path = PredictCell;
			sourceTree = "<group>";
		};
		0468766B1C44B4E400E8B250 /* SDWebImage */ = {
			isa = PBXGroup;
			children = (
				0468766C1C44B4E400E8B250 /* MKAnnotationView+WebCache.h */,
				0468766D1C44B4E400E8B250 /* MKAnnotationView+WebCache.m */,
				0468766E1C44B4E400E8B250 /* NSData+ImageContentType.h */,
				0468766F1C44B4E400E8B250 /* NSData+ImageContentType.m */,
				046876701C44B4E400E8B250 /* SDImageCache.h */,
				046876711C44B4E400E8B250 /* SDImageCache.m */,
				046876721C44B4E400E8B250 /* SDWebImageCompat.h */,
				046876731C44B4E400E8B250 /* SDWebImageCompat.m */,
				046876741C44B4E400E8B250 /* SDWebImageDecoder.h */,
				046876751C44B4E400E8B250 /* SDWebImageDecoder.m */,
				046876761C44B4E400E8B250 /* SDWebImageDownloader.h */,
				046876771C44B4E400E8B250 /* SDWebImageDownloader.m */,
				046876781C44B4E400E8B250 /* SDWebImageDownloaderOperation.h */,
				046876791C44B4E400E8B250 /* SDWebImageDownloaderOperation.m */,
				0468767A1C44B4E400E8B250 /* SDWebImageManager.h */,
				0468767B1C44B4E400E8B250 /* SDWebImageManager.m */,
				0468767C1C44B4E400E8B250 /* SDWebImageOperation.h */,
				0468767D1C44B4E400E8B250 /* SDWebImagePrefetcher.h */,
				0468767E1C44B4E400E8B250 /* SDWebImagePrefetcher.m */,
				0468767F1C44B4E400E8B250 /* UIButton+WebCache.h */,
				046876801C44B4E400E8B250 /* UIButton+WebCache.m */,
				046876811C44B4E400E8B250 /* UIImage+GIF.h */,
				046876821C44B4E400E8B250 /* UIImage+GIF.m */,
				046876831C44B4E400E8B250 /* UIImage+MultiFormat.h */,
				046876841C44B4E400E8B250 /* UIImage+MultiFormat.m */,
				046876851C44B4E400E8B250 /* UIImage+WebP.h */,
				046876861C44B4E400E8B250 /* UIImage+WebP.m */,
				046876871C44B4E400E8B250 /* UIImageView+HighlightedWebCache.h */,
				046876881C44B4E400E8B250 /* UIImageView+HighlightedWebCache.m */,
				046876891C44B4E400E8B250 /* UIImageView+WebCache.h */,
				0468768A1C44B4E400E8B250 /* UIImageView+WebCache.m */,
				0468768B1C44B4E400E8B250 /* UIView+WebCacheOperation.h */,
				0468768C1C44B4E400E8B250 /* UIView+WebCacheOperation.m */,
			);
			path = SDWebImage;
			sourceTree = "<group>";
		};
		0468769D1C44B53A00E8B250 /* PredictModel */ = {
			isa = PBXGroup;
			children = (
				0468769E1C44B53A00E8B250 /* PredictModel.h */,
				0468769F1C44B53A00E8B250 /* PredictModel.m */,
			);
			path = PredictModel;
			sourceTree = "<group>";
		};
		04B6D7441C3CA89D0087232E /* 1 */ = {
			isa = PBXGroup;
			children = (
				0468769D1C44B53A00E8B250 /* PredictModel */,
				0468766B1C44B4E400E8B250 /* SDWebImage */,
				046876671C44B4C000E8B250 /* PredictCell */,
				0468765F1C44B40E00E8B250 /* Predict */,
				0468765A1C44B3F700E8B250 /* PredictImg */,
				04B6D7451C3CA89D0087232E /* FirstImg */,
				04B6D7501C3CA89D0087232E /* FirstPage */,
				04B6D7531C3CA89D0087232E /* Libraries */,
				04B6D76E1C3CA89D0087232E /* sideBar */,
				04B6D7711C3CA89D0087232E /* sideBarCell */,
				04B6D7741C3CA89D0087232E /* sideBarImg */,
			);
			path = 1;
			sourceTree = "<group>";
		};
		04B6D7451C3CA89D0087232E /* FirstImg */ = {
			isa = PBXGroup;
			children = (
				04B6D7461C3CA89D0087232E /* contents_bg@2x.png */,
				04B6D7471C3CA89D0087232E /* contents_listening@2x.png */,
				04B6D7481C3CA89D0087232E /* contents_read@2x (2).png */,
				04B6D7491C3CA89D0087232E /* contents_shanxing@2x.png */,
				04B6D74A1C3CA89D0087232E /* contents_speaking@2x (2).png */,
				04B6D74B1C3CA89D0087232E /* contents_write@2x (2).png */,
				04B6D74C1C3CA89D0087232E /* tab_faxian@2x.png */,
				04B6D74D1C3CA89D0087232E /* tab_kaoqianyuce@2x.png */,
				04B6D74E1C3CA89D0087232E /* tab_people@2x.png */,
				04B6D74F1C3CA89D0087232E /* tab_vip@2x.png */,
			);
			path = FirstImg;
			sourceTree = "<group>";
		};
		04B6D7501C3CA89D0087232E /* FirstPage */ = {
			isa = PBXGroup;
			children = (
				04B6D7511C3CA89D0087232E /* YSFirstViewController.h */,
				04B6D7521C3CA89D0087232E /* YSFirstViewController.m */,
			);
			path = FirstPage;
			sourceTree = "<group>";
		};
		04B6D7531C3CA89D0087232E /* Libraries */ = {
			isa = PBXGroup;
			children = (
				04B6D7541C3CA89D0087232E /* Masonry */,
			);
			path = Libraries;
			sourceTree = "<group>";
		};
		04B6D7541C3CA89D0087232E /* Masonry */ = {
			isa = PBXGroup;
			children = (
				04B6D7551C3CA89D0087232E /* MASCompositeConstraint.h */,
				04B6D7561C3CA89D0087232E /* MASCompositeConstraint.m */,
				04B6D7571C3CA89D0087232E /* MASConstraint+Private.h */,
				04B6D7581C3CA89D0087232E /* MASConstraint.h */,
				04B6D7591C3CA89D0087232E /* MASConstraint.m */,
				04B6D75A1C3CA89D0087232E /* MASConstraintMaker.h */,
				04B6D75B1C3CA89D0087232E /* MASConstraintMaker.m */,
				04B6D75C1C3CA89D0087232E /* MASLayoutConstraint.h */,
				04B6D75D1C3CA89D0087232E /* MASLayoutConstraint.m */,
				04B6D75E1C3CA89D0087232E /* Masonry.h */,
				04B6D75F1C3CA89D0087232E /* MASUtilities.h */,
				04B6D7601C3CA89D0087232E /* MASViewAttribute.h */,
				04B6D7611C3CA89D0087232E /* MASViewAttribute.m */,
				04B6D7621C3CA89D0087232E /* MASViewConstraint.h */,
				04B6D7631C3CA89D0087232E /* MASViewConstraint.m */,
				04B6D7641C3CA89D0087232E /* NSArray+MASAdditions.h */,
				04B6D7651C3CA89D0087232E /* NSArray+MASAdditions.m */,
				04B6D7661C3CA89D0087232E /* NSArray+MASShorthandAdditions.h */,
				04B6D7671C3CA89D0087232E /* NSLayoutConstraint+MASDebugAdditions.h */,
				04B6D7681C3CA89D0087232E /* NSLayoutConstraint+MASDebugAdditions.m */,
				04B6D7691C3CA89D0087232E /* View+MASAdditions.h */,
				04B6D76A1C3CA89D0087232E /* View+MASAdditions.m */,
				04B6D76B1C3CA89D0087232E /* View+MASShorthandAdditions.h */,
				04B6D76C1C3CA89D0087232E /* ViewController+MASAdditions.h */,
				04B6D76D1C3CA89D0087232E /* ViewController+MASAdditions.m */,
			);
			path = Masonry;
			sourceTree = "<group>";
		};
		04B6D76E1C3CA89D0087232E /* sideBar */ = {
			isa = PBXGroup;
			children = (
				04B6D76F1C3CA89D0087232E /* CDRTranslucentSideBar.h */,
				04B6D7701C3CA89D0087232E /* CDRTranslucentSideBar.m */,
			);
			path = sideBar;
			sourceTree = "<group>";
		};
		04B6D7711C3CA89D0087232E /* sideBarCell */ = {
			isa = PBXGroup;
			children = (
				04B6D7721C3CA89D0087232E /* sideBarTableViewCell.h */,
				04B6D7731C3CA89D0087232E /* sideBarTableViewCell.m */,
			);
			path = sideBarCell;
			sourceTree = "<group>";
		};
		04B6D7741C3CA89D0087232E /* sideBarImg */ = {
			isa = PBXGroup;
			children = (
				04B6D7751C3CA89D0087232E /* list_cuotiji@2x.png */,
				04B6D7761C3CA89D0087232E /* list_gerenziliao@2x.png */,
				04B6D7771C3CA89D0087232E /* list_nanduwenzhang@2x.png */,
				04B6D7781C3CA89D0087232E /* list_rengongfuwu@2x.png */,
				04B6D7791C3CA89D0087232E /* list_shengciben@2x.png */,
				04B6D77A1C3CA89D0087232E /* list_vip@2x.png */,
				04B6D77B1C3CA89D0087232E /* list_yuyinguangchang@2x.png */,
			);
			path = sideBarImg;
			sourceTree = "<group>";
		};
		04B6D79A1C3CB8140087232E /* DBImageView */ = {
			isa = PBXGroup;
			children = (
				04B6D79B1C3CB8140087232E /* DBImage.h */,
				04B6D79C1C3CB8140087232E /* DBImage.m */,
				04B6D79D1C3CB8140087232E /* DBImageRequest.h */,
				04B6D79E1C3CB8140087232E /* DBImageRequest.m */,
				04B6D79F1C3CB8140087232E /* DBImageView.h */,
				04B6D7A01C3CB8140087232E /* DBImageView.m */,
				04B6D7A11C3CB8140087232E /* DBImageViewCache.h */,
				04B6D7A21C3CB8140087232E /* DBImageViewCache.m */,
			);
			path = DBImageView;
			sourceTree = "<group>";
		};
		04C723891C3A484900A3D085 = {
			isa = PBXGroup;
			children = (
				04C723941C3A484900A3D085 /* 雅思英语 */,
				04C723AE1C3A484900A3D085 /* 雅思英语Tests */,
				04C723931C3A484900A3D085 /* Products */,
			);
			sourceTree = "<group>";
		};
		04C723931C3A484900A3D085 /* Products */ = {
			isa = PBXGroup;
			children = (
				04C723921C3A484900A3D085 /* 雅思英语.app */,
				04C723AB1C3A484900A3D085 /* 雅思英语Tests.xctest */,
			);
			name = Products;
			sourceTree = "<group>";
		};
		04C723941C3A484900A3D085 /* 雅思英语 */ = {
			isa = PBXGroup;
			children = (
				04C723BB1C3A4FA600A3D085 /* img */,
				0452CBDB1C3B70D600F6C456 /* SMS_SDK */,
				04B6D7441C3CA89D0087232E /* 1 */,
				04B6D79A1C3CB8140087232E /* DBImageView */,
				042F224D1C3E33DD00B254C6 /* Default-568h@2x.png */,
				04C723991C3A484900A3D085 /* AppDelegate.h */,
				04C7239A1C3A484900A3D085 /* AppDelegate.m */,
				04C7239C1C3A484900A3D085 /* ViewController.h */,
				04C7239D1C3A484900A3D085 /* ViewController.m */,
				04C7239F1C3A484900A3D085 /* Main.storyboard */,
				045D8B7D1C453B1900360D31 /* TeacherViewController.h */,
				045D8B7E1C453B1900360D31 /* TeacherViewController.m */,
				042F224F1C3E508300B254C6 /* WebViewController.h */,
				042F22501C3E508300B254C6 /* WebViewController.m */,
				042F224A1C3E173F00B254C6 /* VipOneByOneViewController.m */,
				042F224B1C3E173F00B254C6 /* VipOneByOneViewController.h */,
				04B6D7AD1C3CDFF30087232E /* VipPublicDetailViewController.h */,
				04B6D7AE1C3CDFF30087232E /* VipPublicDetailViewController.m */,
				0452CBF71C3BBF8F00F6C456 /* PublicRegViewController.h */,
				0452CBF81C3BBF8F00F6C456 /* PublicRegViewController.m */,
				0452CBC71C3B5DEA00F6C456 /* UIViewController+Json.h */,
				0452CBC81C3B5EDE00F6C456 /* UIViewController+Json.m */,
				0452CBB51C3B549900F6C456 /* VipViewController.h */,
				0452CBB61C3B549900F6C456 /* VipViewController.m */,
				0452CBD81C3B6B8B00F6C456 /* VipPublicViewController.h */,
				0452CBD91C3B6B8B00F6C456 /* VipPublicViewController.m */,
				043D4F9D1C3AAAD50045EA89 /* ResetPasswordViewController.h */,
				043D4F9E1C3AAAD50045EA89 /* ResetPasswordViewController.m */,
				043D4F951C3A9E790045EA89 /* UserRegViewController.h */,
				043D4F961C3A9E790045EA89 /* UserRegViewController.m */,
				04C723C91C3A6EF600A3D085 /* LoginViewController.h */,
				04C723CA1C3A6EF600A3D085 /* LoginViewController.m */,
				04C723A21C3A484900A3D085 /* Images.xcassets */,
				04C723A41C3A484900A3D085 /* LaunchScreen.xib */,
				04C723951C3A484900A3D085 /* Supporting Files */,
			);
			path = "雅思英语";
			sourceTree = "<group>";
		};
		04C723951C3A484900A3D085 /* Supporting Files */ = {
			isa = PBXGroup;
			children = (
				04C723961C3A484900A3D085 /* Info.plist */,
				04C723971C3A484900A3D085 /* main.m */,
			);
			name = "Supporting Files";
			sourceTree = "<group>";
		};
		04C723AE1C3A484900A3D085 /* 雅思英语Tests */ = {
			isa = PBXGroup;
			children = (
				04C723B11C3A484900A3D085 /* ____Tests.m */,
				04C723AF1C3A484900A3D085 /* Supporting Files */,
			);
			path = "雅思英语Tests";
			sourceTree = "<group>";
		};
		04C723AF1C3A484900A3D085 /* Supporting Files */ = {
			isa = PBXGroup;
			children = (
				04C723B01C3A484900A3D085 /* Info.plist */,
			);
			name = "Supporting Files";
			sourceTree = "<group>";
		};
		04C723BB1C3A4FA600A3D085 /* img */ = {
			isa = PBXGroup;
			children = (
				0452CBEC1C3B76D200F6C456 /* VIPPublic */,
				0452CBB81C3B567200F6C456 /* VIPLesson */,
				043D4F981C3AA2FC0045EA89 /* UserRegPage */,
				04C723C21C3A6B8700A3D085 /* Common */,
				04C723BF1C3A634E00A3D085 /* LoginPage */,
				04C723BC1C3A4FB000A3D085 /* MainPage */,
			);
			name = img;
			sourceTree = "<group>";
		};
		04C723BC1C3A4FB000A3D085 /* MainPage */ = {
			isa = PBXGroup;
			children = (
				04C723BD1C3A4FCB00A3D085 /* begin_bg@2x.png */,
			);
			name = MainPage;
			sourceTree = "<group>";
		};
		04C723BF1C3A634E00A3D085 /* LoginPage */ = {
			isa = PBXGroup;
			children = (
				04C723C51C3A6BC000A3D085 /* password@2x.png */,
				04C723C61C3A6BC000A3D085 /* phone_num@2x.png */,
				04C723C01C3A6B6B00A3D085 /* login_bg@2x.png */,
			);
			name = LoginPage;
			sourceTree = "<group>";
		};
		04C723C21C3A6B8700A3D085 /* Common */ = {
			isa = PBXGroup;
			children = (
				04C723C31C3A6B9600A3D085 /* btn_tijiao@2x.png */,
			);
			name = Common;
			sourceTree = "<group>";
		};
/* End PBXGroup section */

/* Begin PBXNativeTarget section */
		04C723911C3A484900A3D085 /* 雅思英语 */ = {
			isa = PBXNativeTarget;
			buildConfigurationList = 04C723B51C3A484900A3D085 /* Build configuration list for PBXNativeTarget "雅思英语" */;
			buildPhases = (
				04C7238E1C3A484900A3D085 /* Sources */,
				04C7238F1C3A484900A3D085 /* Frameworks */,
				04C723901C3A484900A3D085 /* Resources */,
			);
			buildRules = (
			);
			dependencies = (
			);
			name = "雅思英语";
			productName = "雅思英语";
			productReference = 04C723921C3A484900A3D085 /* 雅思英语.app */;
			productType = "com.apple.product-type.application";
		};
		04C723AA1C3A484900A3D085 /* 雅思英语Tests */ = {
			isa = PBXNativeTarget;
			buildConfigurationList = 04C723B81C3A484900A3D085 /* Build configuration list for PBXNativeTarget "雅思英语Tests" */;
			buildPhases = (
				04C723A71C3A484900A3D085 /* Sources */,
				04C723A81C3A484900A3D085 /* Frameworks */,
				04C723A91C3A484900A3D085 /* Resources */,
			);
			buildRules = (
			);
			dependencies = (
				04C723AD1C3A484900A3D085 /* PBXTargetDependency */,
			);
			name = "雅思英语Tests";
			productName = "雅思英语Tests";
			productReference = 04C723AB1C3A484900A3D085 /* 雅思英语Tests.xctest */;
			productType = "com.apple.product-type.bundle.unit-test";
		};
/* End PBXNativeTarget section */

/* Begin PBXProject section */
		04C7238A1C3A484900A3D085 /* Project object */ = {
			isa = PBXProject;
			attributes = {
				LastUpgradeCheck = 0630;
				ORGANIZATIONNAME = mac;
				TargetAttributes = {
					04C723911C3A484900A3D085 = {
						CreatedOnToolsVersion = 6.3.2;
					};
					04C723AA1C3A484900A3D085 = {
						CreatedOnToolsVersion = 6.3.2;
						TestTargetID = 04C723911C3A484900A3D085;
					};
				};
			};
			buildConfigurationList = 04C7238D1C3A484900A3D085 /* Build configuration list for PBXProject "雅思英语" */;
			compatibilityVersion = "Xcode 3.2";
			developmentRegion = English;
			hasScannedForEncodings = 0;
			knownRegions = (
				en,
				Base,
				"zh-Hans",
			);
			mainGroup = 04C723891C3A484900A3D085;
			productRefGroup = 04C723931C3A484900A3D085 /* Products */;
			projectDirPath = "";
			projectRoot = "";
			targets = (
				04C723911C3A484900A3D085 /* 雅思英语 */,
				04C723AA1C3A484900A3D085 /* 雅思英语Tests */,
			);
		};
/* End PBXProject section */

/* Begin PBXResourcesBuildPhase section */
		04C723901C3A484900A3D085 /* Resources */ = {
			isa = PBXResourcesBuildPhase;
			buildActionMask = 2147483647;
			files = (
				04B6D77E1C3CA89D0087232E /* contents_read@2x (2).png in Resources */,
				04C723A11C3A484900A3D085 /* Main.storyboard in Resources */,
				0452CBD61C3B633100F6C456 /* vip_list6@2x.png in Resources */,
				0452CBD41C3B633100F6C456 /* vip_list4@2x.png in Resources */,
				0452CBD11C3B633100F6C456 /* vip_list1@2x.png in Resources */,
				0452CBC11C3B594300F6C456 /* vip_btn_up@2x.png in Resources */,
				0452CBC61C3B594300F6C456 /* vip_star5@2x.png in Resources */,
				0452CBC41C3B594300F6C456 /* vip_star3@2x.png in Resources */,
				04B6D7971C3CA89D0087232E /* list_shengciben@2x.png in Resources */,
				04C723C71C3A6BC000A3D085 /* password@2x.png in Resources */,
				04B6D7991C3CA89D0087232E /* list_yuyinguangchang@2x.png in Resources */,
				04B6D7961C3CA89D0087232E /* list_rengongfuwu@2x.png in Resources */,
				043D4F9C1C3AA43D0045EA89 /* code@2x.png in Resources */,
				04C723BE1C3A4FCB00A3D085 /* begin_bg@2x.png in Resources */,
				0452CBD21C3B633100F6C456 /* vip_list2@2x.png in Resources */,
				04B6D7831C3CA89D0087232E /* tab_kaoqianyuce@2x.png in Resources */,
				0452CBC31C3B594300F6C456 /* vip_star2@2x.png in Resources */,
				0452CBD71C3B633100F6C456 /* vip_list7@2x.png in Resources */,
				04B6D7981C3CA89D0087232E /* list_vip@2x.png in Resources */,
				04B6D7851C3CA89D0087232E /* tab_vip@2x.png in Resources */,
				0452CBF21C3B773E00F6C456 /* bg_2@2x.png in Resources */,
				04B6D77C1C3CA89D0087232E /* contents_bg@2x.png in Resources */,
				04B6D77D1C3CA89D0087232E /* contents_listening@2x.png in Resources */,
				04B6D7841C3CA89D0087232E /* tab_people@2x.png in Resources */,
				04B6D7801C3CA89D0087232E /* contents_speaking@2x (2).png in Resources */,
				04B6D77F1C3CA89D0087232E /* contents_shanxing@2x.png in Resources */,
				0452CBD31C3B633100F6C456 /* vip_list3@2x.png in Resources */,
				0452CBBA1C3B57D500F6C456 /* vip_public@2x.png in Resources */,
				043D4F9A1C3AA4330045EA89 /* username@2x.png in Resources */,
				042F224E1C3E33DD00B254C6 /* Default-568h@2x.png in Resources */,
				04B6D7931C3CA89D0087232E /* list_cuotiji@2x.png in Resources */,
				0452CBC51C3B594300F6C456 /* vip_star4@2x.png in Resources */,
				0452CBD51C3B633100F6C456 /* vip_list5@2x.png in Resources */,
				04C723C11C3A6B6B00A3D085 /* login_bg@2x.png in Resources */,
				0452CBF31C3B773E00F6C456 /* bg_3@2x.png in Resources */,
				0452CBE11C3B70D600F6C456 /* SMS_SDKLocalizable.strings in Resources */,
				04B6D7951C3CA89D0087232E /* list_nanduwenzhang@2x.png in Resources */,
				0452CBC21C3B594300F6C456 /* vip_btn_down@2x.png in Resources */,
				0468765D1C44B3F700E8B250 /* bg_6@2x.png in Resources */,
				04B6D7821C3CA89D0087232E /* tab_faxian@2x.png in Resources */,
				04C723C81C3A6BC000A3D085 /* phone_num@2x.png in Resources */,
				0452CBF41C3B773E00F6C456 /* bg_4@2x.png in Resources */,
				04C723A61C3A484900A3D085 /* LaunchScreen.xib in Resources */,
				0468765E1C44B3F700E8B250 /* header_btn_xiaoxi@2x.png in Resources */,
				0452CBF61C3B9BE100F6C456 /* bg_1@2x.png in Resources */,
				04B6D7941C3CA89D0087232E /* list_gerenziliao@2x.png in Resources */,
				04B6D7811C3CA89D0087232E /* contents_write@2x (2).png in Resources */,
				04C723A31C3A484900A3D085 /* Images.xcassets in Resources */,
				04C723C41C3A6B9600A3D085 /* btn_tijiao@2x.png in Resources */,
			);
			runOnlyForDeploymentPostprocessing = 0;
		};
		04C723A91C3A484900A3D085 /* Resources */ = {
			isa = PBXResourcesBuildPhase;
			buildActionMask = 2147483647;
			files = (
			);
			runOnlyForDeploymentPostprocessing = 0;
		};
/* End PBXResourcesBuildPhase section */

/* Begin PBXSourcesBuildPhase section */
		04C7238E1C3A484900A3D085 /* Sources */ = {
			isa = PBXSourcesBuildPhase;
			buildActionMask = 2147483647;
			files = (
				04C723CB1C3A6EF600A3D085 /* LoginViewController.m in Sources */,
				042F22511C3E508300B254C6 /* WebViewController.m in Sources */,
				043D4F9F1C3AAAD50045EA89 /* ResetPasswordViewController.m in Sources */,
				046876941C44B4E400E8B250 /* SDWebImageManager.m in Sources */,
				0452CBB71C3B549900F6C456 /* VipViewController.m in Sources */,
				04B6D7861C3CA89D0087232E /* YSFirstViewController.m in Sources */,
				04B6D7871C3CA89D0087232E /* MASCompositeConstraint.m in Sources */,
				046876981C44B4E400E8B250 /* UIImage+MultiFormat.m in Sources */,
				043D4F971C3A9E790045EA89 /* UserRegViewController.m in Sources */,
				046876A01C44B53A00E8B250 /* PredictModel.m in Sources */,
				046876921C44B4E400E8B250 /* SDWebImageDownloader.m in Sources */,
				04B6D78C1C3CA89D0087232E /* MASViewConstraint.m in Sources */,
				046876991C44B4E400E8B250 /* UIImage+WebP.m in Sources */,
				0452CBC91C3B5EDE00F6C456 /* UIViewController+Json.m in Sources */,
				045D8B7F1C453B1900360D31 /* TeacherViewController.m in Sources */,
				04B6D78F1C3CA89D0087232E /* View+MASAdditions.m in Sources */,
				04B6D78E1C3CA89D0087232E /* NSLayoutConstraint+MASDebugAdditions.m in Sources */,
				04B6D7911C3CA89D0087232E /* CDRTranslucentSideBar.m in Sources */,
				0468769A1C44B4E400E8B250 /* UIImageView+HighlightedWebCache.m in Sources */,
				046876911C44B4E400E8B250 /* SDWebImageDecoder.m in Sources */,
				046876951C44B4E400E8B250 /* SDWebImagePrefetcher.m in Sources */,
				046876651C44B40E00E8B250 /* DetailsViewController.m in Sources */,
				04B6D7921C3CA89D0087232E /* sideBarTableViewCell.m in Sources */,
				04B6D78A1C3CA89D0087232E /* MASLayoutConstraint.m in Sources */,
				04B6D7A41C3CB8140087232E /* DBImageRequest.m in Sources */,
				04B6D7901C3CA89D0087232E /* ViewController+MASAdditions.m in Sources */,
				04B6D7891C3CA89D0087232E /* MASConstraintMaker.m in Sources */,
				046876971C44B4E400E8B250 /* UIImage+GIF.m in Sources */,
				0468769B1C44B4E400E8B250 /* UIImageView+WebCache.m in Sources */,
				04C7239E1C3A484900A3D085 /* ViewController.m in Sources */,
				0468768F1C44B4E400E8B250 /* SDImageCache.m in Sources */,
				0452CBF91C3BBF8F00F6C456 /* PublicRegViewController.m in Sources */,
				04C7239B1C3A484900A3D085 /* AppDelegate.m in Sources */,
				042F224C1C3E173F00B254C6 /* VipOneByOneViewController.m in Sources */,
				0452CBDA1C3B6B8B00F6C456 /* VipPublicViewController.m in Sources */,
				046876931C44B4E400E8B250 /* SDWebImageDownloaderOperation.m in Sources */,
				04B6D7AF1C3CDFF30087232E /* VipPublicDetailViewController.m in Sources */,
				04B6D78D1C3CA89D0087232E /* NSArray+MASAdditions.m in Sources */,
				046876901C44B4E400E8B250 /* SDWebImageCompat.m in Sources */,
				0468768E1C44B4E400E8B250 /* NSData+ImageContentType.m in Sources */,
				04B6D78B1C3CA89D0087232E /* MASViewAttribute.m in Sources */,
				04B6D7A61C3CB8140087232E /* DBImageViewCache.m in Sources */,
				04B6D7A31C3CB8140087232E /* DBImage.m in Sources */,
				046876961C44B4E400E8B250 /* UIButton+WebCache.m in Sources */,
				046876661C44B40E00E8B250 /* PredictViewController.m in Sources */,
				04C723981C3A484900A3D085 /* main.m in Sources */,
				04B6D7A51C3CB8140087232E /* DBImageView.m in Sources */,
				0468769C1C44B4E400E8B250 /* UIView+WebCacheOperation.m in Sources */,
				0468768D1C44B4E400E8B250 /* MKAnnotationView+WebCache.m in Sources */,
				0468766A1C44B4C000E8B250 /* TableViewCell.m in Sources */,
				04B6D7881C3CA89D0087232E /* MASConstraint.m in Sources */,
			);
			runOnlyForDeploymentPostprocessing = 0;
		};
		04C723A71C3A484900A3D085 /* Sources */ = {
			isa = PBXSourcesBuildPhase;
			buildActionMask = 2147483647;
			files = (
				04C723B21C3A484900A3D085 /* ____Tests.m in Sources */,
			);
			runOnlyForDeploymentPostprocessing = 0;
		};
/* End PBXSourcesBuildPhase section */

/* Begin PBXTargetDependency section */
		04C723AD1C3A484900A3D085 /* PBXTargetDependency */ = {
			isa = PBXTargetDependency;
			target = 04C723911C3A484900A3D085 /* 雅思英语 */;
			targetProxy = 04C723AC1C3A484900A3D085 /* PBXContainerItemProxy */;
		};
/* End PBXTargetDependency section */

/* Begin PBXVariantGroup section */
		0452CBDC1C3B70D600F6C456 /* SMS_SDKLocalizable.strings */ = {
			isa = PBXVariantGroup;
			children = (
				0452CBDD1C3B70D600F6C456 /* en */,
				0452CBE01C3B70D600F6C456 /* zh-Hans */,
			);
			name = SMS_SDKLocalizable.strings;
			sourceTree = "<group>";
		};
		04C7239F1C3A484900A3D085 /* Main.storyboard */ = {
			isa = PBXVariantGroup;
			children = (
				04C723A01C3A484900A3D085 /* Base */,
			);
			name = Main.storyboard;
			sourceTree = "<group>";
		};
		04C723A41C3A484900A3D085 /* LaunchScreen.xib */ = {
			isa = PBXVariantGroup;
			children = (
				04C723A51C3A484900A3D085 /* Base */,
			);
			name = LaunchScreen.xib;
			sourceTree = "<group>";
		};
/* End PBXVariantGroup section */

/* Begin XCBuildConfiguration section */
		04C723B31C3A484900A3D085 /* Debug */ = {
			isa = XCBuildConfiguration;
			buildSettings = {
				ALWAYS_SEARCH_USER_PATHS = NO;
				CLANG_CXX_LANGUAGE_STANDARD = "gnu++0x";
				CLANG_CXX_LIBRARY = "libc++";
				CLANG_ENABLE_MODULES = YES;
				CLANG_ENABLE_OBJC_ARC = YES;
				CLANG_WARN_BOOL_CONVERSION = YES;
				CLANG_WARN_CONSTANT_CONVERSION = YES;
				CLANG_WARN_DIRECT_OBJC_ISA_USAGE = YES_ERROR;
				CLANG_WARN_EMPTY_BODY = YES;
				CLANG_WARN_ENUM_CONVERSION = YES;
				CLANG_WARN_INT_CONVERSION = YES;
				CLANG_WARN_OBJC_ROOT_CLASS = YES_ERROR;
				CLANG_WARN_UNREACHABLE_CODE = YES;
				CLANG_WARN__DUPLICATE_METHOD_MATCH = YES;
				"CODE_SIGN_IDENTITY[sdk=iphoneos*]" = "iPhone Developer";
				COPY_PHASE_STRIP = NO;
				DEBUG_INFORMATION_FORMAT = "dwarf-with-dsym";
				ENABLE_STRICT_OBJC_MSGSEND = YES;
				GCC_C_LANGUAGE_STANDARD = gnu99;
				GCC_DYNAMIC_NO_PIC = NO;
				GCC_NO_COMMON_BLOCKS = YES;
				GCC_OPTIMIZATION_LEVEL = 0;
				GCC_PREPROCESSOR_DEFINITIONS = (
					"DEBUG=1",
					"$(inherited)",
				);
				GCC_SYMBOLS_PRIVATE_EXTERN = NO;
				GCC_WARN_64_TO_32_BIT_CONVERSION = YES;
				GCC_WARN_ABOUT_RETURN_TYPE = YES_ERROR;
				GCC_WARN_UNDECLARED_SELECTOR = YES;
				GCC_WARN_UNINITIALIZED_AUTOS = YES_AGGRESSIVE;
				GCC_WARN_UNUSED_FUNCTION = YES;
				GCC_WARN_UNUSED_VARIABLE = YES;
				IPHONEOS_DEPLOYMENT_TARGET = 8.3;
				MTL_ENABLE_DEBUG_INFO = YES;
				ONLY_ACTIVE_ARCH = YES;
				SDKROOT = iphoneos;
			};
			name = Debug;
		};
		04C723B41C3A484900A3D085 /* Release */ = {
			isa = XCBuildConfiguration;
			buildSettings = {
				ALWAYS_SEARCH_USER_PATHS = NO;
				CLANG_CXX_LANGUAGE_STANDARD = "gnu++0x";
				CLANG_CXX_LIBRARY = "libc++";
				CLANG_ENABLE_MODULES = YES;
				CLANG_ENABLE_OBJC_ARC = YES;
				CLANG_WARN_BOOL_CONVERSION = YES;
				CLANG_WARN_CONSTANT_CONVERSION = YES;
				CLANG_WARN_DIRECT_OBJC_ISA_USAGE = YES_ERROR;
				CLANG_WARN_EMPTY_BODY = YES;
				CLANG_WARN_ENUM_CONVERSION = YES;
				CLANG_WARN_INT_CONVERSION = YES;
				CLANG_WARN_OBJC_ROOT_CLASS = YES_ERROR;
				CLANG_WARN_UNREACHABLE_CODE = YES;
				CLANG_WARN__DUPLICATE_METHOD_MATCH = YES;
				"CODE_SIGN_IDENTITY[sdk=iphoneos*]" = "iPhone Developer";
				COPY_PHASE_STRIP = NO;
				DEBUG_INFORMATION_FORMAT = "dwarf-with-dsym";
				ENABLE_NS_ASSERTIONS = NO;
				ENABLE_STRICT_OBJC_MSGSEND = YES;
				GCC_C_LANGUAGE_STANDARD = gnu99;
				GCC_NO_COMMON_BLOCKS = YES;
				GCC_WARN_64_TO_32_BIT_CONVERSION = YES;
				GCC_WARN_ABOUT_RETURN_TYPE = YES_ERROR;
				GCC_WARN_UNDECLARED_SELECTOR = YES;
				GCC_WARN_UNINITIALIZED_AUTOS = YES_AGGRESSIVE;
				GCC_WARN_UNUSED_FUNCTION = YES;
				GCC_WARN_UNUSED_VARIABLE = YES;
				IPHONEOS_DEPLOYMENT_TARGET = 8.3;
				MTL_ENABLE_DEBUG_INFO = NO;
				SDKROOT = iphoneos;
				VALIDATE_PRODUCT = YES;
			};
			name = Release;
		};
		04C723B61C3A484900A3D085 /* Debug */ = {
			isa = XCBuildConfiguration;
			buildSettings = {
				ASSETCATALOG_COMPILER_APPICON_NAME = AppIcon;
				ASSETCATALOG_COMPILER_LAUNCHIMAGE_NAME = LaunchImage;
				CODE_SIGN_IDENTITY = "iPhone Developer";
				"CODE_SIGN_IDENTITY[sdk=iphoneos*]" = "iPhone Developer: WeiRan Wu (E9D8A8MD59)";
				FRAMEWORK_SEARCH_PATHS = (
					"$(inherited)",
					"$(PROJECT_DIR)/雅思英语/SMS_SDK",
				);
				INFOPLIST_FILE = "雅思英语/Info.plist";
				IPHONEOS_DEPLOYMENT_TARGET = 7.0;
				LD_RUNPATH_SEARCH_PATHS = "$(inherited) @executable_path/Frameworks";
				PRODUCT_NAME = "$(TARGET_NAME)";
				TARGETED_DEVICE_FAMILY = 1;
			};
			name = Debug;
		};
		04C723B71C3A484900A3D085 /* Release */ = {
			isa = XCBuildConfiguration;
			buildSettings = {
				ASSETCATALOG_COMPILER_APPICON_NAME = AppIcon;
				ASSETCATALOG_COMPILER_LAUNCHIMAGE_NAME = LaunchImage;
				CODE_SIGN_IDENTITY = "iPhone Distribution";
				"CODE_SIGN_IDENTITY[sdk=iphoneos*]" = "iPhone Distribution: WeiRan Wu (Z78ADQB4F7)";
				FRAMEWORK_SEARCH_PATHS = (
					"$(inherited)",
					"$(PROJECT_DIR)/雅思英语/SMS_SDK",
				);
				INFOPLIST_FILE = "雅思英语/Info.plist";
				IPHONEOS_DEPLOYMENT_TARGET = 7.0;
				LD_RUNPATH_SEARCH_PATHS = "$(inherited) @executable_path/Frameworks";
				PRODUCT_NAME = "$(TARGET_NAME)";
				TARGETED_DEVICE_FAMILY = 1;
			};
			name = Release;
		};
		04C723B91C3A484900A3D085 /* Debug */ = {
			isa = XCBuildConfiguration;
			buildSettings = {
				BUNDLE_LOADER = "$(TEST_HOST)";
				FRAMEWORK_SEARCH_PATHS = (
					"$(SDKROOT)/Developer/Library/Frameworks",
					"$(inherited)",
				);
				GCC_PREPROCESSOR_DEFINITIONS = (
					"DEBUG=1",
					"$(inherited)",
				);
				INFOPLIST_FILE = "雅思英语Tests/Info.plist";
				LD_RUNPATH_SEARCH_PATHS = "$(inherited) @executable_path/Frameworks @loader_path/Frameworks";
				PRODUCT_NAME = "$(TARGET_NAME)";
				TEST_HOST = "$(BUILT_PRODUCTS_DIR)/雅思英语.app/雅思英语";
			};
			name = Debug;
		};
		04C723BA1C3A484900A3D085 /* Release */ = {
			isa = XCBuildConfiguration;
			buildSettings = {
				BUNDLE_LOADER = "$(TEST_HOST)";
				FRAMEWORK_SEARCH_PATHS = (
					"$(SDKROOT)/Developer/Library/Frameworks",
					"$(inherited)",
				);
				INFOPLIST_FILE = "雅思英语Tests/Info.plist";
				LD_RUNPATH_SEARCH_PATHS = "$(inherited) @executable_path/Frameworks @loader_path/Frameworks";
				PRODUCT_NAME = "$(TARGET_NAME)";
				TEST_HOST = "$(BUILT_PRODUCTS_DIR)/雅思英语.app/雅思英语";
			};
			name = Release;
		};
/* End XCBuildConfiguration section */

/* Begin XCConfigurationList section */
		04C7238D1C3A484900A3D085 /* Build configuration list for PBXProject "雅思英语" */ = {
			isa = XCConfigurationList;
			buildConfigurations = (
				04C723B31C3A484900A3D085 /* Debug */,
				04C723B41C3A484900A3D085 /* Release */,
			);
			defaultConfigurationIsVisible = 0;
			defaultConfigurationName = Release;
		};
		04C723B51C3A484900A3D085 /* Build configuration list for PBXNativeTarget "雅思英语" */ = {
			isa = XCConfigurationList;
			buildConfigurations = (
				04C723B61C3A484900A3D085 /* Debug */,
				04C723B71C3A484900A3D085 /* Release */,
			);
			defaultConfigurationIsVisible = 0;
			defaultConfigurationName = Release;
		};
		04C723B81C3A484900A3D085 /* Build configuration list for PBXNativeTarget "雅思英语Tests" */ = {
			isa = XCConfigurationList;
			buildConfigurations = (
				04C723B91C3A484900A3D085 /* Debug */,
				04C723BA1C3A484900A3D085 /* Release */,
			);
			defaultConfigurationIsVisible = 0;
			defaultConfigurationName = Release;
		};
/* End XCConfigurationList section */
	};
	rootObject = 04C7238A1C3A484900A3D085 /* Project object */;
}
