// !$*UTF8*$!
{
	archiveVersion = 1;
	classes = {
	};
	objectVersion = 46;
	objects = {

/* Begin PBXBuildFile section */
		04C723981C3A484900A3D085 /* main.m in Sources */ = {isa = PBXBuildFile; fileRef = 04C723971C3A484900A3D085 /* main.m */; };
		04C7239B1C3A484900A3D085 /* AppDelegate.m in Sources */ = {isa = PBXBuildFile; fileRef = 04C7239A1C3A484900A3D085 /* AppDelegate.m */; };
		04C7239E1C3A484900A3D085 /* ViewController.m in Sources */ = {isa = PBXBuildFile; fileRef = 04C7239D1C3A484900A3D085 /* ViewController.m */; };
		04C723A11C3A484900A3D085 /* Main.storyboard in Resources */ = {isa = PBXBuildFile; fileRef = 04C7239F1C3A484900A3D085 /* Main.storyboard */; };
		04C723A31C3A484900A3D085 /* Images.xcassets in Resources */ = {isa = PBXBuildFile; fileRef = 04C723A21C3A484900A3D085 /* Images.xcassets */; };
		04C723A61C3A484900A3D085 /* LaunchScreen.xib in Resources */ = {isa = PBXBuildFile; fileRef = 04C723A41C3A484900A3D085 /* LaunchScreen.xib */; };
		04C723B21C3A484900A3D085 /* ____Tests.m in Sources */ = {isa = PBXBuildFile; fileRef = 04C723B11C3A484900A3D085 /* ____Tests.m */; };
		04C723BE1C3A4FCB00A3D085 /* begin_bg@2x.png in Resources */ = {isa = PBXBuildFile; fileRef = 04C723BD1C3A4FCB00A3D085 /* begin_bg@2x.png */; };
/* End PBXBuildFile section */

/* Begin PBXContainerItemProxy section */
		04C723AC1C3A484900A3D085 /* PBXContainerItemProxy */ = {
			isa = PBXContainerItemProxy;
			containerPortal = 04C7238A1C3A484900A3D085 /* Project object */;
			proxyType = 1;
			remoteGlobalIDString = 04C723911C3A484900A3D085;
			remoteInfo = "雅思英语";
		};
/* End PBXContainerItemProxy section */

/* Begin PBXFileReference section */
		04C723921C3A484900A3D085 /* 雅思英语.app */ = {isa = PBXFileReference; explicitFileType = wrapper.application; includeInIndex = 0; path = "雅思英语.app"; sourceTree = BUILT_PRODUCTS_DIR; };
		04C723961C3A484900A3D085 /* Info.plist */ = {isa = PBXFileReference; lastKnownFileType = text.plist.xml; path = Info.plist; sourceTree = "<group>"; };
		04C723971C3A484900A3D085 /* main.m */ = {isa = PBXFileReference; lastKnownFileType = sourcecode.c.objc; path = main.m; sourceTree = "<group>"; };
		04C723991C3A484900A3D085 /* AppDelegate.h */ = {isa = PBXFileReference; lastKnownFileType = sourcecode.c.h; path = AppDelegate.h; sourceTree = "<group>"; };
		04C7239A1C3A484900A3D085 /* AppDelegate.m */ = {isa = PBXFileReference; lastKnownFileType = sourcecode.c.objc; path = AppDelegate.m; sourceTree = "<group>"; };
		04C7239C1C3A484900A3D085 /* ViewController.h */ = {isa = PBXFileReference; lastKnownFileType = sourcecode.c.h; path = ViewController.h; sourceTree = "<group>"; };
		04C7239D1C3A484900A3D085 /* ViewController.m */ = {isa = PBXFileReference; lastKnownFileType = sourcecode.c.objc; path = ViewController.m; sourceTree = "<group>"; };
		04C723A01C3A484900A3D085 /* Base */ = {isa = PBXFileReference; lastKnownFileType = file.storyboard; name = Base; path = Base.lproj/Main.storyboard; sourceTree = "<group>"; };
		04C723A21C3A484900A3D085 /* Images.xcassets */ = {isa = PBXFileReference; lastKnownFileType = folder.assetcatalog; path = Images.xcassets; sourceTree = "<group>"; };
		04C723A51C3A484900A3D085 /* Base */ = {isa = PBXFileReference; lastKnownFileType = file.xib; name = Base; path = Base.lproj/LaunchScreen.xib; sourceTree = "<group>"; };
		04C723AB1C3A484900A3D085 /* 雅思英语Tests.xctest */ = {isa = PBXFileReference; explicitFileType = wrapper.cfbundle; includeInIndex = 0; path = "雅思英语Tests.xctest"; sourceTree = BUILT_PRODUCTS_DIR; };
		04C723B01C3A484900A3D085 /* Info.plist */ = {isa = PBXFileReference; lastKnownFileType = text.plist.xml; path = Info.plist; sourceTree = "<group>"; };
		04C723B11C3A484900A3D085 /* ____Tests.m */ = {isa = PBXFileReference; lastKnownFileType = sourcecode.c.objc; path = "____Tests.m"; sourceTree = "<group>"; };
		04C723BD1C3A4FCB00A3D085 /* begin_bg@2x.png */ = {isa = PBXFileReference; lastKnownFileType = image.png; path = "begin_bg@2x.png"; sourceTree = "<group>"; };
/* End PBXFileReference section */

/* Begin PBXFrameworksBuildPhase section */
		04C7238F1C3A484900A3D085 /* Frameworks */ = {
			isa = PBXFrameworksBuildPhase;
			buildActionMask = 2147483647;
			files = (
			);
			runOnlyForDeploymentPostprocessing = 0;
		};
		04C723A81C3A484900A3D085 /* Frameworks */ = {
			isa = PBXFrameworksBuildPhase;
			buildActionMask = 2147483647;
			files = (
			);
			runOnlyForDeploymentPostprocessing = 0;
		};
/* End PBXFrameworksBuildPhase section */

/* Begin PBXGroup section */
		04C723891C3A484900A3D085 = {
			isa = PBXGroup;
			children = (
				04C723941C3A484900A3D085 /* 雅思英语 */,
				04C723AE1C3A484900A3D085 /* 雅思英语Tests */,
				04C723931C3A484900A3D085 /* Products */,
			);
			sourceTree = "<group>";
		};
		04C723931C3A484900A3D085 /* Products */ = {
			isa = PBXGroup;
			children = (
				04C723921C3A484900A3D085 /* 雅思英语.app */,
				04C723AB1C3A484900A3D085 /* 雅思英语Tests.xctest */,
			);
			name = Products;
			sourceTree = "<group>";
		};
		04C723941C3A484900A3D085 /* 雅思英语 */ = {
			isa = PBXGroup;
			children = (
				04C723BB1C3A4FA600A3D085 /* img */,
				04C723991C3A484900A3D085 /* AppDelegate.h */,
				04C7239A1C3A484900A3D085 /* AppDelegate.m */,
				04C7239C1C3A484900A3D085 /* ViewController.h */,
				04C7239D1C3A484900A3D085 /* ViewController.m */,
				04C7239F1C3A484900A3D085 /* Main.storyboard */,
				04C723A21C3A484900A3D085 /* Images.xcassets */,
				04C723A41C3A484900A3D085 /* LaunchScreen.xib */,
				04C723951C3A484900A3D085 /* Supporting Files */,
			);
			path = "雅思英语";
			sourceTree = "<group>";
		};
		04C723951C3A484900A3D085 /* Supporting Files */ = {
			isa = PBXGroup;
			children = (
				04C723961C3A484900A3D085 /* Info.plist */,
				04C723971C3A484900A3D085 /* main.m */,
			);
			name = "Supporting Files";
			sourceTree = "<group>";
		};
		04C723AE1C3A484900A3D085 /* 雅思英语Tests */ = {
			isa = PBXGroup;
			children = (
				04C723B11C3A484900A3D085 /* ____Tests.m */,
				04C723AF1C3A484900A3D085 /* Supporting Files */,
			);
			path = "雅思英语Tests";
			sourceTree = "<group>";
		};
		04C723AF1C3A484900A3D085 /* Supporting Files */ = {
			isa = PBXGroup;
			children = (
				04C723B01C3A484900A3D085 /* Info.plist */,
			);
			name = "Supporting Files";
			sourceTree = "<group>";
		};
		04C723BB1C3A4FA600A3D085 /* img */ = {
			isa = PBXGroup;
			children = (
				04C723BF1C3A634E00A3D085 /* LoginPage */,
				04C723BC1C3A4FB000A3D085 /* MainPage */,
			);
			name = img;
			sourceTree = "<group>";
		};
		04C723BC1C3A4FB000A3D085 /* MainPage */ = {
			isa = PBXGroup;
			children = (
				04C723BD1C3A4FCB00A3D085 /* begin_bg@2x.png */,
			);
			name = MainPage;
			sourceTree = "<group>";
		};
		04C723BF1C3A634E00A3D085 /* LoginPage */ = {
			isa = PBXGroup;
			children = (
			);
			name = LoginPage;
			sourceTree = "<group>";
		};
/* End PBXGroup section */

/* Begin PBXNativeTarget section */
		04C723911C3A484900A3D085 /* 雅思英语 */ = {
			isa = PBXNativeTarget;
			buildConfigurationList = 04C723B51C3A484900A3D085 /* Build configuration list for PBXNativeTarget "雅思英语" */;
			buildPhases = (
				04C7238E1C3A484900A3D085 /* Sources */,
				04C7238F1C3A484900A3D085 /* Frameworks */,
				04C723901C3A484900A3D085 /* Resources */,
			);
			buildRules = (
			);
			dependencies = (
			);
			name = "雅思英语";
			productName = "雅思英语";
			productReference = 04C723921C3A484900A3D085 /* 雅思英语.app */;
			productType = "com.apple.product-type.application";
		};
		04C723AA1C3A484900A3D085 /* 雅思英语Tests */ = {
			isa = PBXNativeTarget;
			buildConfigurationList = 04C723B81C3A484900A3D085 /* Build configuration list for PBXNativeTarget "雅思英语Tests" */;
			buildPhases = (
				04C723A71C3A484900A3D085 /* Sources */,
				04C723A81C3A484900A3D085 /* Frameworks */,
				04C723A91C3A484900A3D085 /* Resources */,
			);
			buildRules = (
			);
			dependencies = (
				04C723AD1C3A484900A3D085 /* PBXTargetDependency */,
			);
			name = "雅思英语Tests";
			productName = "雅思英语Tests";
			productReference = 04C723AB1C3A484900A3D085 /* 雅思英语Tests.xctest */;
			productType = "com.apple.product-type.bundle.unit-test";
		};
/* End PBXNativeTarget section */

/* Begin PBXProject section */
		04C7238A1C3A484900A3D085 /* Project object */ = {
			isa = PBXProject;
			attributes = {
				LastUpgradeCheck = 0630;
				ORGANIZATIONNAME = mac;
				TargetAttributes = {
					04C723911C3A484900A3D085 = {
						CreatedOnToolsVersion = 6.3.2;
					};
					04C723AA1C3A484900A3D085 = {
						CreatedOnToolsVersion = 6.3.2;
						TestTargetID = 04C723911C3A484900A3D085;
					};
				};
			};
			buildConfigurationList = 04C7238D1C3A484900A3D085 /* Build configuration list for PBXProject "雅思英语" */;
			compatibilityVersion = "Xcode 3.2";
			developmentRegion = English;
			hasScannedForEncodings = 0;
			knownRegions = (
				en,
				Base,
			);
			mainGroup = 04C723891C3A484900A3D085;
			productRefGroup = 04C723931C3A484900A3D085 /* Products */;
			projectDirPath = "";
			projectRoot = "";
			targets = (
				04C723911C3A484900A3D085 /* 雅思英语 */,
				04C723AA1C3A484900A3D085 /* 雅思英语Tests */,
			);
		};
/* End PBXProject section */

/* Begin PBXResourcesBuildPhase section */
		04C723901C3A484900A3D085 /* Resources */ = {
			isa = PBXResourcesBuildPhase;
			buildActionMask = 2147483647;
			files = (
				04C723A11C3A484900A3D085 /* Main.storyboard in Resources */,
				04C723BE1C3A4FCB00A3D085 /* begin_bg@2x.png in Resources */,
				04C723A61C3A484900A3D085 /* LaunchScreen.xib in Resources */,
				04C723A31C3A484900A3D085 /* Images.xcassets in Resources */,
			);
			runOnlyForDeploymentPostprocessing = 0;
		};
		04C723A91C3A484900A3D085 /* Resources */ = {
			isa = PBXResourcesBuildPhase;
			buildActionMask = 2147483647;
			files = (
			);
			runOnlyForDeploymentPostprocessing = 0;
		};
/* End PBXResourcesBuildPhase section */

/* Begin PBXSourcesBuildPhase section */
		04C7238E1C3A484900A3D085 /* Sources */ = {
			isa = PBXSourcesBuildPhase;
			buildActionMask = 2147483647;
			files = (
				04C7239E1C3A484900A3D085 /* ViewController.m in Sources */,
				04C7239B1C3A484900A3D085 /* AppDelegate.m in Sources */,
				04C723981C3A484900A3D085 /* main.m in Sources */,
			);
			runOnlyForDeploymentPostprocessing = 0;
		};
		04C723A71C3A484900A3D085 /* Sources */ = {
			isa = PBXSourcesBuildPhase;
			buildActionMask = 2147483647;
			files = (
				04C723B21C3A484900A3D085 /* ____Tests.m in Sources */,
			);
			runOnlyForDeploymentPostprocessing = 0;
		};
/* End PBXSourcesBuildPhase section */

/* Begin PBXTargetDependency section */
		04C723AD1C3A484900A3D085 /* PBXTargetDependency */ = {
			isa = PBXTargetDependency;
			target = 04C723911C3A484900A3D085 /* 雅思英语 */;
			targetProxy = 04C723AC1C3A484900A3D085 /* PBXContainerItemProxy */;
		};
/* End PBXTargetDependency section */

/* Begin PBXVariantGroup section */
		04C7239F1C3A484900A3D085 /* Main.storyboard */ = {
			isa = PBXVariantGroup;
			children = (
				04C723A01C3A484900A3D085 /* Base */,
			);
			name = Main.storyboard;
			sourceTree = "<group>";
		};
		04C723A41C3A484900A3D085 /* LaunchScreen.xib */ = {
			isa = PBXVariantGroup;
			children = (
				04C723A51C3A484900A3D085 /* Base */,
			);
			name = LaunchScreen.xib;
			sourceTree = "<group>";
		};
/* End PBXVariantGroup section */

/* Begin XCBuildConfiguration section */
		04C723B31C3A484900A3D085 /* Debug */ = {
			isa = XCBuildConfiguration;
			buildSettings = {
				ALWAYS_SEARCH_USER_PATHS = NO;
				CLANG_CXX_LANGUAGE_STANDARD = "gnu++0x";
				CLANG_CXX_LIBRARY = "libc++";
				CLANG_ENABLE_MODULES = YES;
				CLANG_ENABLE_OBJC_ARC = YES;
				CLANG_WARN_BOOL_CONVERSION = YES;
				CLANG_WARN_CONSTANT_CONVERSION = YES;
				CLANG_WARN_DIRECT_OBJC_ISA_USAGE = YES_ERROR;
				CLANG_WARN_EMPTY_BODY = YES;
				CLANG_WARN_ENUM_CONVERSION = YES;
				CLANG_WARN_INT_CONVERSION = YES;
				CLANG_WARN_OBJC_ROOT_CLASS = YES_ERROR;
				CLANG_WARN_UNREACHABLE_CODE = YES;
				CLANG_WARN__DUPLICATE_METHOD_MATCH = YES;
				"CODE_SIGN_IDENTITY[sdk=iphoneos*]" = "iPhone Developer";
				COPY_PHASE_STRIP = NO;
				DEBUG_INFORMATION_FORMAT = "dwarf-with-dsym";
				ENABLE_STRICT_OBJC_MSGSEND = YES;
				GCC_C_LANGUAGE_STANDARD = gnu99;
				GCC_DYNAMIC_NO_PIC = NO;
				GCC_NO_COMMON_BLOCKS = YES;
				GCC_OPTIMIZATION_LEVEL = 0;
				GCC_PREPROCESSOR_DEFINITIONS = (
					"DEBUG=1",
					"$(inherited)",
				);
				GCC_SYMBOLS_PRIVATE_EXTERN = NO;
				GCC_WARN_64_TO_32_BIT_CONVERSION = YES;
				GCC_WARN_ABOUT_RETURN_TYPE = YES_ERROR;
				GCC_WARN_UNDECLARED_SELECTOR = YES;
				GCC_WARN_UNINITIALIZED_AUTOS = YES_AGGRESSIVE;
				GCC_WARN_UNUSED_FUNCTION = YES;
				GCC_WARN_UNUSED_VARIABLE = YES;
				IPHONEOS_DEPLOYMENT_TARGET = 8.3;
				MTL_ENABLE_DEBUG_INFO = YES;
				ONLY_ACTIVE_ARCH = YES;
				SDKROOT = iphoneos;
			};
			name = Debug;
		};
		04C723B41C3A484900A3D085 /* Release */ = {
			isa = XCBuildConfiguration;
			buildSettings = {
				ALWAYS_SEARCH_USER_PATHS = NO;
				CLANG_CXX_LANGUAGE_STANDARD = "gnu++0x";
				CLANG_CXX_LIBRARY = "libc++";
				CLANG_ENABLE_MODULES = YES;
				CLANG_ENABLE_OBJC_ARC = YES;
				CLANG_WARN_BOOL_CONVERSION = YES;
				CLANG_WARN_CONSTANT_CONVERSION = YES;
				CLANG_WARN_DIRECT_OBJC_ISA_USAGE = YES_ERROR;
				CLANG_WARN_EMPTY_BODY = YES;
				CLANG_WARN_ENUM_CONVERSION = YES;
				CLANG_WARN_INT_CONVERSION = YES;
				CLANG_WARN_OBJC_ROOT_CLASS = YES_ERROR;
				CLANG_WARN_UNREACHABLE_CODE = YES;
				CLANG_WARN__DUPLICATE_METHOD_MATCH = YES;
				"CODE_SIGN_IDENTITY[sdk=iphoneos*]" = "iPhone Developer";
				COPY_PHASE_STRIP = NO;
				DEBUG_INFORMATION_FORMAT = "dwarf-with-dsym";
				ENABLE_NS_ASSERTIONS = NO;
				ENABLE_STRICT_OBJC_MSGSEND = YES;
				GCC_C_LANGUAGE_STANDARD = gnu99;
				GCC_NO_COMMON_BLOCKS = YES;
				GCC_WARN_64_TO_32_BIT_CONVERSION = YES;
				GCC_WARN_ABOUT_RETURN_TYPE = YES_ERROR;
				GCC_WARN_UNDECLARED_SELECTOR = YES;
				GCC_WARN_UNINITIALIZED_AUTOS = YES_AGGRESSIVE;
				GCC_WARN_UNUSED_FUNCTION = YES;
				GCC_WARN_UNUSED_VARIABLE = YES;
				IPHONEOS_DEPLOYMENT_TARGET = 8.3;
				MTL_ENABLE_DEBUG_INFO = NO;
				SDKROOT = iphoneos;
				VALIDATE_PRODUCT = YES;
			};
			name = Release;
		};
		04C723B61C3A484900A3D085 /* Debug */ = {
			isa = XCBuildConfiguration;
			buildSettings = {
				ASSETCATALOG_COMPILER_APPICON_NAME = AppIcon;
				INFOPLIST_FILE = "雅思英语/Info.plist";
				LD_RUNPATH_SEARCH_PATHS = "$(inherited) @executable_path/Frameworks";
				PRODUCT_NAME = "$(TARGET_NAME)";
				TARGETED_DEVICE_FAMILY = 1;
			};
			name = Debug;
		};
		04C723B71C3A484900A3D085 /* Release */ = {
			isa = XCBuildConfiguration;
			buildSettings = {
				ASSETCATALOG_COMPILER_APPICON_NAME = AppIcon;
				INFOPLIST_FILE = "雅思英语/Info.plist";
				LD_RUNPATH_SEARCH_PATHS = "$(inherited) @executable_path/Frameworks";
				PRODUCT_NAME = "$(TARGET_NAME)";
				TARGETED_DEVICE_FAMILY = 1;
			};
			name = Release;
		};
		04C723B91C3A484900A3D085 /* Debug */ = {
			isa = XCBuildConfiguration;
			buildSettings = {
				BUNDLE_LOADER = "$(TEST_HOST)";
				FRAMEWORK_SEARCH_PATHS = (
					"$(SDKROOT)/Developer/Library/Frameworks",
					"$(inherited)",
				);
				GCC_PREPROCESSOR_DEFINITIONS = (
					"DEBUG=1",
					"$(inherited)",
				);
				INFOPLIST_FILE = "雅思英语Tests/Info.plist";
				LD_RUNPATH_SEARCH_PATHS = "$(inherited) @executable_path/Frameworks @loader_path/Frameworks";
				PRODUCT_NAME = "$(TARGET_NAME)";
				TEST_HOST = "$(BUILT_PRODUCTS_DIR)/雅思英语.app/雅思英语";
			};
			name = Debug;
		};
		04C723BA1C3A484900A3D085 /* Release */ = {
			isa = XCBuildConfiguration;
			buildSettings = {
				BUNDLE_LOADER = "$(TEST_HOST)";
				FRAMEWORK_SEARCH_PATHS = (
					"$(SDKROOT)/Developer/Library/Frameworks",
					"$(inherited)",
				);
				INFOPLIST_FILE = "雅思英语Tests/Info.plist";
				LD_RUNPATH_SEARCH_PATHS = "$(inherited) @executable_path/Frameworks @loader_path/Frameworks";
				PRODUCT_NAME = "$(TARGET_NAME)";
				TEST_HOST = "$(BUILT_PRODUCTS_DIR)/雅思英语.app/雅思英语";
			};
			name = Release;
		};
/* End XCBuildConfiguration section */

/* Begin XCConfigurationList section */
		04C7238D1C3A484900A3D085 /* Build configuration list for PBXProject "雅思英语" */ = {
			isa = XCConfigurationList;
			buildConfigurations = (
				04C723B31C3A484900A3D085 /* Debug */,
				04C723B41C3A484900A3D085 /* Release */,
			);
			defaultConfigurationIsVisible = 0;
			defaultConfigurationName = Release;
		};
		04C723B51C3A484900A3D085 /* Build configuration list for PBXNativeTarget "雅思英语" */ = {
			isa = XCConfigurationList;
			buildConfigurations = (
				04C723B61C3A484900A3D085 /* Debug */,
				04C723B71C3A484900A3D085 /* Release */,
			);
			defaultConfigurationIsVisible = 0;
		};
		04C723B81C3A484900A3D085 /* Build configuration list for PBXNativeTarget "雅思英语Tests" */ = {
			isa = XCConfigurationList;
			buildConfigurations = (
				04C723B91C3A484900A3D085 /* Debug */,
				04C723BA1C3A484900A3D085 /* Release */,
			);
			defaultConfigurationIsVisible = 0;
		};
/* End XCConfigurationList section */
	};
	rootObject = 04C7238A1C3A484900A3D085 /* Project object */;
}
